
Microsoft Visual Studio Solution File, Format Version 9.00
# Visual Studio 2005
Project("{8BC9CEB8-8B4A-11D0-8D11-00A0C91BC942}") = "rdo_common", "..\..\..\rdo_common\rdo_common.vcproj", "{AC7C7972-A31D-4CDE-99E5-B56A19AB6457}"
EndProject
Project("{8BC9CEB8-8B4A-11D0-8D11-00A0C91BC942}") = "rdo_runtime", "..\rdo_runtime.vcproj", "{C34EF28F-1D66-4CEE-B435-7C420DAF0AD3}"
	ProjectSection(ProjectDependencies) = postProject
		{AC7C7972-A31D-4CDE-99E5-B56A19AB6457} = {AC7C7972-A31D-4CDE-99E5-B56A19AB6457}
	EndProjectSection
EndProject
Project("{8BC9CEB8-8B4A-11D0-8D11-00A0C91BC942}") = "rdo_value_test", "rdo_value_test\rdo_value_test.vcproj", "{F83B49E2-A9F0-4BD6-B6B7-91FBDACE518F}"
	ProjectSection(ProjectDependencies) = postProject
		{C34EF28F-1D66-4CEE-B435-7C420DAF0AD3} = {C34EF28F-1D66-4CEE-B435-7C420DAF0AD3}
	EndProjectSection
EndProject
Global
	GlobalSection(SolutionConfigurationPlatforms) = preSolution
		Debug|Win32 = Debug|Win32
		Release|Win32 = Release|Win32
	EndGlobalSection
	GlobalSection(ProjectConfigurationPlatforms) = postSolution
		{AC7C7972-A31D-4CDE-99E5-B56A19AB6457}.Debug|Win32.ActiveCfg = Debug|Win32
		{AC7C7972-A31D-4CDE-99E5-B56A19AB6457}.Debug|Win32.Build.0 = Debug|Win32
		{AC7C7972-A31D-4CDE-99E5-B56A19AB6457}.Release|Win32.ActiveCfg = Release|Win32
		{AC7C7972-A31D-4CDE-99E5-B56A19AB6457}.Release|Win32.Build.0 = Release|Win32
		{C34EF28F-1D66-4CEE-B435-7C420DAF0AD3}.Debug|Win32.ActiveCfg = Debug|Win32
		{C34EF28F-1D66-4CEE-B435-7C420DAF0AD3}.Debug|Win32.Build.0 = Debug|Win32
		{C34EF28F-1D66-4CEE-B435-7C420DAF0AD3}.Release|Win32.ActiveCfg = Release|Win32
		{C34EF28F-1D66-4CEE-B435-7C420DAF0AD3}.Release|Win32.Build.0 = Release|Win32
		{F83B49E2-A9F0-4BD6-B6B7-91FBDACE518F}.Debug|Win32.ActiveCfg = Debug|Win32
		{F83B49E2-A9F0-4BD6-B6B7-91FBDACE518F}.Debug|Win32.Build.0 = Debug|Win32
		{F83B49E2-A9F0-4BD6-B6B7-91FBDACE518F}.Release|Win32.ActiveCfg = Release|Win32
		{F83B49E2-A9F0-4BD6-B6B7-91FBDACE518F}.Release|Win32.Build.0 = Release|Win32
	EndGlobalSection
	GlobalSection(SolutionProperties) = preSolution
		HideSolutionNode = FALSE
	EndGlobalSection
EndGlobal
