
Microsoft Visual Studio Solution File, Format Version 9.00
# Visual Studio 2005
Project("{8BC9CEB8-8B4A-11D0-8D11-00A0C91BC942}") = "fun", "fun\fun.vcproj", "{0F53540A-9E2E-456E-B0C4-60440005E036}"
EndProject
Global
	GlobalSection(SolutionConfigurationPlatforms) = preSolution
		Debug|Win32 = Debug|Win32
		Release|Win32 = Release|Win32
	EndGlobalSection
	GlobalSection(ProjectConfigurationPlatforms) = postSolution
		{0F53540A-9E2E-456E-B0C4-60440005E036}.Debug|Win32.ActiveCfg = Debug|Win32
		{0F53540A-9E2E-456E-B0C4-60440005E036}.Debug|Win32.Build.0 = Debug|Win32
		{0F53540A-9E2E-456E-B0C4-60440005E036}.Release|Win32.ActiveCfg = Release|Win32
		{0F53540A-9E2E-456E-B0C4-60440005E036}.Release|Win32.Build.0 = Release|Win32
	EndGlobalSection
	GlobalSection(SolutionProperties) = preSolution
		HideSolutionNode = FALSE
	EndGlobalSection
EndGlobal
