
Microsoft Visual Studio Solution File, Format Version 10.00
# Visual Studio 2008
Project("{8BC9CEB8-8B4A-11D0-8D11-00A0C91BC942}") = "rdo", "rdo_studio_console.vcproj", "{FFDA38F8-DCBB-47A6-B071-2E5AA6FFEE98}"
	ProjectSection(ProjectDependencies) = postProject
		{AC7C7972-A31D-4CDE-99E5-B56A19AB6457} = {AC7C7972-A31D-4CDE-99E5-B56A19AB6457}
		{048B01A3-8722-476D-AF0C-DF56EA18E57B} = {048B01A3-8722-476D-AF0C-DF56EA18E57B}
		{614C13B6-EBB9-47F5-AABB-4439DA20E796} = {614C13B6-EBB9-47F5-AABB-4439DA20E796}
		{FF8088D9-472E-4480-901D-009B51311853} = {FF8088D9-472E-4480-901D-009B51311853}
	EndProjectSection
EndProject
Project("{8BC9CEB8-8B4A-11D0-8D11-00A0C91BC942}") = "rdo_kernel", "..\..\kernel\rdo_kernel.vcproj", "{048B01A3-8722-476D-AF0C-DF56EA18E57B}"
	ProjectSection(ProjectDependencies) = postProject
		{7FDB2504-B35B-4698-88A5-55B7112E01F4} = {7FDB2504-B35B-4698-88A5-55B7112E01F4}
		{AC7C7972-A31D-4CDE-99E5-B56A19AB6457} = {AC7C7972-A31D-4CDE-99E5-B56A19AB6457}
	EndProjectSection
EndProject
Project("{8BC9CEB8-8B4A-11D0-8D11-00A0C91BC942}") = "rdo_repository", "..\..\repository\rdo_repository.vcproj", "{FF8088D9-472E-4480-901D-009B51311853}"
	ProjectSection(ProjectDependencies) = postProject
		{048B01A3-8722-476D-AF0C-DF56EA18E57B} = {048B01A3-8722-476D-AF0C-DF56EA18E57B}
	EndProjectSection
EndProject
Project("{8BC9CEB8-8B4A-11D0-8D11-00A0C91BC942}") = "rdo_parser", "..\..\simulator\compiler\parser\rdo_parser.vcproj", "{7FDB2504-B35B-4698-88A5-55B7112E01F4}"
	ProjectSection(ProjectDependencies) = postProject
		{AC7C7972-A31D-4CDE-99E5-B56A19AB6457} = {AC7C7972-A31D-4CDE-99E5-B56A19AB6457}
		{C34EF28F-1D66-4CEE-B435-7C420DAF0AD3} = {C34EF28F-1D66-4CEE-B435-7C420DAF0AD3}
	EndProjectSection
EndProject
Project("{8BC9CEB8-8B4A-11D0-8D11-00A0C91BC942}") = "rdo_mbuilder", "..\..\simulator\compiler\mbuilder\rdo_mbuilder.vcproj", "{14EF6EFF-2AAE-4E22-8293-8B2FEABA688F}"
	ProjectSection(ProjectDependencies) = postProject
		{7FDB2504-B35B-4698-88A5-55B7112E01F4} = {7FDB2504-B35B-4698-88A5-55B7112E01F4}
		{AC7C7972-A31D-4CDE-99E5-B56A19AB6457} = {AC7C7972-A31D-4CDE-99E5-B56A19AB6457}
	EndProjectSection
EndProject
Project("{8BC9CEB8-8B4A-11D0-8D11-00A0C91BC942}") = "rdo_runtime", "..\..\simulator\runtime\rdo_runtime.vcproj", "{C34EF28F-1D66-4CEE-B435-7C420DAF0AD3}"
	ProjectSection(ProjectDependencies) = postProject
		{AC7C7972-A31D-4CDE-99E5-B56A19AB6457} = {AC7C7972-A31D-4CDE-99E5-B56A19AB6457}
	EndProjectSection
EndProject
Project("{8BC9CEB8-8B4A-11D0-8D11-00A0C91BC942}") = "rdo_simulator", "..\..\simulator\service\rdo_simulator.vcproj", "{614C13B6-EBB9-47F5-AABB-4439DA20E796}"
	ProjectSection(ProjectDependencies) = postProject
		{7FDB2504-B35B-4698-88A5-55B7112E01F4} = {7FDB2504-B35B-4698-88A5-55B7112E01F4}
		{C34EF28F-1D66-4CEE-B435-7C420DAF0AD3} = {C34EF28F-1D66-4CEE-B435-7C420DAF0AD3}
		{6279A1CE-BFD8-497F-B4AD-F0DCADC9C0B6} = {6279A1CE-BFD8-497F-B4AD-F0DCADC9C0B6}
		{977EBFEC-18C7-4851-BFB0-C7D430A1E8AA} = {977EBFEC-18C7-4851-BFB0-C7D430A1E8AA}
		{14EF6EFF-2AAE-4E22-8293-8B2FEABA688F} = {14EF6EFF-2AAE-4E22-8293-8B2FEABA688F}
	EndProjectSection
EndProject
Project("{8BC9CEB8-8B4A-11D0-8D11-00A0C91BC942}") = "utils_common", "..\..\utils\utils_common.vcproj", "{AC7C7972-A31D-4CDE-99E5-B56A19AB6457}"
EndProject
Project("{8BC9CEB8-8B4A-11D0-8D11-00A0C91BC942}") = "utils_smart_ptr", "..\..\utils\utils_smart_ptr.vcproj", "{7861F6F8-175E-474E-8B38-82F47FF4A377}"
EndProject
Project("{2150E333-8FDC-42A3-9474-1A3956D46DE8}") = ".kernel", ".kernel", "{30509F5E-5EC0-4908-8736-EEBE7DC3A8F3}"
EndProject
Project("{2150E333-8FDC-42A3-9474-1A3956D46DE8}") = ".repository", ".repository", "{DEB40E72-5A2E-472A-9929-153B78A3CA44}"
EndProject
Project("{2150E333-8FDC-42A3-9474-1A3956D46DE8}") = ".simulator", ".simulator", "{D7BF57EC-4DFE-4DB4-BA70-BCD4087D0AC9}"
EndProject
Project("{2150E333-8FDC-42A3-9474-1A3956D46DE8}") = ".compiler", ".compiler", "{C6E2CFF1-566D-45E2-8D67-F78AA38891A7}"
EndProject
Project("{2150E333-8FDC-42A3-9474-1A3956D46DE8}") = ".runtime", ".runtime", "{4DB71634-F23B-481E-B3EA-F839D6E28134}"
EndProject
Project("{2150E333-8FDC-42A3-9474-1A3956D46DE8}") = ".service", ".service", "{5FBF4E28-C0DF-476A-8C24-29F177204CAF}"
EndProject
Project("{2150E333-8FDC-42A3-9474-1A3956D46DE8}") = ".utils", ".utils", "{8CDA6054-2B3F-4A84-8155-08BEB0E8A6F4}"
EndProject
Project("{2150E333-8FDC-42A3-9474-1A3956D46DE8}") = ".studio", ".studio", "{E86C4172-0346-404B-B00A-50D5AAD721C0}"
EndProject
Project("{2150E333-8FDC-42A3-9474-1A3956D46DE8}") = ".converter", ".converter", "{D82DEF93-543C-41C2-BE70-A5EF63E4F0E7}"
EndProject
Project("{8BC9CEB8-8B4A-11D0-8D11-00A0C91BC942}") = "rdo_converter", "..\..\converter\smr2rdox\rdo_converter.vcproj", "{6279A1CE-BFD8-497F-B4AD-F0DCADC9C0B6}"
	ProjectSection(ProjectDependencies) = postProject
		{AC7C7972-A31D-4CDE-99E5-B56A19AB6457} = {AC7C7972-A31D-4CDE-99E5-B56A19AB6457}
		{C34EF28F-1D66-4CEE-B435-7C420DAF0AD3} = {C34EF28F-1D66-4CEE-B435-7C420DAF0AD3}
	EndProjectSection
EndProject
Project("{8BC9CEB8-8B4A-11D0-8D11-00A0C91BC942}") = "rdo_procgui", "..\..\simulator\compiler\procgui\rdo_procgui.vcproj", "{977EBFEC-18C7-4851-BFB0-C7D430A1E8AA}"
EndProject
Project("{8BC9CEB8-8B4A-11D0-8D11-00A0C91BC942}") = "rdo_test", "..\rdo_console_test\test_rdo_studio_console.vcproj", "{1453DD9A-B898-496F-BCBE-B42F9AE75FD5}"
EndProject
Global
	GlobalSection(SolutionConfigurationPlatforms) = preSolution
		Debug Corba|Win32 = Debug Corba|Win32
		Debug MT|Win32 = Debug MT|Win32
		Debug|Win32 = Debug|Win32
		Release Corba|Win32 = Release Corba|Win32
		Release MT|Win32 = Release MT|Win32
		Release|Win32 = Release|Win32
	EndGlobalSection
	GlobalSection(ProjectConfigurationPlatforms) = postSolution
		{FFDA38F8-DCBB-47A6-B071-2E5AA6FFEE98}.Debug Corba|Win32.ActiveCfg = Debug|Win32
		{FFDA38F8-DCBB-47A6-B071-2E5AA6FFEE98}.Debug Corba|Win32.Build.0 = Debug|Win32
		{FFDA38F8-DCBB-47A6-B071-2E5AA6FFEE98}.Debug MT|Win32.ActiveCfg = Debug|Win32
		{FFDA38F8-DCBB-47A6-B071-2E5AA6FFEE98}.Debug MT|Win32.Build.0 = Debug|Win32
		{FFDA38F8-DCBB-47A6-B071-2E5AA6FFEE98}.Debug|Win32.ActiveCfg = Debug|Win32
		{FFDA38F8-DCBB-47A6-B071-2E5AA6FFEE98}.Debug|Win32.Build.0 = Debug|Win32
		{FFDA38F8-DCBB-47A6-B071-2E5AA6FFEE98}.Release Corba|Win32.ActiveCfg = Release|Win32
		{FFDA38F8-DCBB-47A6-B071-2E5AA6FFEE98}.Release Corba|Win32.Build.0 = Release|Win32
		{FFDA38F8-DCBB-47A6-B071-2E5AA6FFEE98}.Release MT|Win32.ActiveCfg = Release|Win32
		{FFDA38F8-DCBB-47A6-B071-2E5AA6FFEE98}.Release MT|Win32.Build.0 = Release|Win32
		{FFDA38F8-DCBB-47A6-B071-2E5AA6FFEE98}.Release|Win32.ActiveCfg = Release|Win32
		{FFDA38F8-DCBB-47A6-B071-2E5AA6FFEE98}.Release|Win32.Build.0 = Release|Win32
		{048B01A3-8722-476D-AF0C-DF56EA18E57B}.Debug Corba|Win32.ActiveCfg = Debug Corba|Win32
		{048B01A3-8722-476D-AF0C-DF56EA18E57B}.Debug Corba|Win32.Build.0 = Debug Corba|Win32
		{048B01A3-8722-476D-AF0C-DF56EA18E57B}.Debug MT|Win32.ActiveCfg = Debug MT|Win32
		{048B01A3-8722-476D-AF0C-DF56EA18E57B}.Debug MT|Win32.Build.0 = Debug MT|Win32
		{048B01A3-8722-476D-AF0C-DF56EA18E57B}.Debug|Win32.ActiveCfg = Debug|Win32
		{048B01A3-8722-476D-AF0C-DF56EA18E57B}.Debug|Win32.Build.0 = Debug|Win32
		{048B01A3-8722-476D-AF0C-DF56EA18E57B}.Release Corba|Win32.ActiveCfg = Release Corba|Win32
		{048B01A3-8722-476D-AF0C-DF56EA18E57B}.Release Corba|Win32.Build.0 = Release Corba|Win32
		{048B01A3-8722-476D-AF0C-DF56EA18E57B}.Release MT|Win32.ActiveCfg = Release MT|Win32
		{048B01A3-8722-476D-AF0C-DF56EA18E57B}.Release MT|Win32.Build.0 = Release MT|Win32
		{048B01A3-8722-476D-AF0C-DF56EA18E57B}.Release|Win32.ActiveCfg = Release|Win32
		{048B01A3-8722-476D-AF0C-DF56EA18E57B}.Release|Win32.Build.0 = Release|Win32
		{FF8088D9-472E-4480-901D-009B51311853}.Debug Corba|Win32.ActiveCfg = Debug Corba|Win32
		{FF8088D9-472E-4480-901D-009B51311853}.Debug Corba|Win32.Build.0 = Debug Corba|Win32
		{FF8088D9-472E-4480-901D-009B51311853}.Debug MT|Win32.ActiveCfg = Debug MT|Win32
		{FF8088D9-472E-4480-901D-009B51311853}.Debug MT|Win32.Build.0 = Debug MT|Win32
		{FF8088D9-472E-4480-901D-009B51311853}.Debug|Win32.ActiveCfg = Debug|Win32
		{FF8088D9-472E-4480-901D-009B51311853}.Debug|Win32.Build.0 = Debug|Win32
		{FF8088D9-472E-4480-901D-009B51311853}.Release Corba|Win32.ActiveCfg = Release Corba|Win32
		{FF8088D9-472E-4480-901D-009B51311853}.Release Corba|Win32.Build.0 = Release Corba|Win32
		{FF8088D9-472E-4480-901D-009B51311853}.Release MT|Win32.ActiveCfg = Release MT|Win32
		{FF8088D9-472E-4480-901D-009B51311853}.Release MT|Win32.Build.0 = Release MT|Win32
		{FF8088D9-472E-4480-901D-009B51311853}.Release|Win32.ActiveCfg = Release|Win32
		{FF8088D9-472E-4480-901D-009B51311853}.Release|Win32.Build.0 = Release|Win32
		{7FDB2504-B35B-4698-88A5-55B7112E01F4}.Debug Corba|Win32.ActiveCfg = Debug Corba|Win32
		{7FDB2504-B35B-4698-88A5-55B7112E01F4}.Debug Corba|Win32.Build.0 = Debug Corba|Win32
		{7FDB2504-B35B-4698-88A5-55B7112E01F4}.Debug MT|Win32.ActiveCfg = Debug MT|Win32
		{7FDB2504-B35B-4698-88A5-55B7112E01F4}.Debug MT|Win32.Build.0 = Debug MT|Win32
		{7FDB2504-B35B-4698-88A5-55B7112E01F4}.Debug|Win32.ActiveCfg = Debug|Win32
		{7FDB2504-B35B-4698-88A5-55B7112E01F4}.Debug|Win32.Build.0 = Debug|Win32
		{7FDB2504-B35B-4698-88A5-55B7112E01F4}.Release Corba|Win32.ActiveCfg = Release Corba|Win32
		{7FDB2504-B35B-4698-88A5-55B7112E01F4}.Release Corba|Win32.Build.0 = Release Corba|Win32
		{7FDB2504-B35B-4698-88A5-55B7112E01F4}.Release MT|Win32.ActiveCfg = Release MT|Win32
		{7FDB2504-B35B-4698-88A5-55B7112E01F4}.Release MT|Win32.Build.0 = Release MT|Win32
		{7FDB2504-B35B-4698-88A5-55B7112E01F4}.Release|Win32.ActiveCfg = Release|Win32
		{7FDB2504-B35B-4698-88A5-55B7112E01F4}.Release|Win32.Build.0 = Release|Win32
		{14EF6EFF-2AAE-4E22-8293-8B2FEABA688F}.Debug Corba|Win32.ActiveCfg = Debug Corba|Win32
		{14EF6EFF-2AAE-4E22-8293-8B2FEABA688F}.Debug Corba|Win32.Build.0 = Debug Corba|Win32
		{14EF6EFF-2AAE-4E22-8293-8B2FEABA688F}.Debug MT|Win32.ActiveCfg = Debug MT|Win32
		{14EF6EFF-2AAE-4E22-8293-8B2FEABA688F}.Debug MT|Win32.Build.0 = Debug MT|Win32
		{14EF6EFF-2AAE-4E22-8293-8B2FEABA688F}.Debug|Win32.ActiveCfg = Debug|Win32
		{14EF6EFF-2AAE-4E22-8293-8B2FEABA688F}.Debug|Win32.Build.0 = Debug|Win32
		{14EF6EFF-2AAE-4E22-8293-8B2FEABA688F}.Release Corba|Win32.ActiveCfg = Release Corba|Win32
		{14EF6EFF-2AAE-4E22-8293-8B2FEABA688F}.Release Corba|Win32.Build.0 = Release Corba|Win32
		{14EF6EFF-2AAE-4E22-8293-8B2FEABA688F}.Release MT|Win32.ActiveCfg = Release MT|Win32
		{14EF6EFF-2AAE-4E22-8293-8B2FEABA688F}.Release MT|Win32.Build.0 = Release MT|Win32
		{14EF6EFF-2AAE-4E22-8293-8B2FEABA688F}.Release|Win32.ActiveCfg = Release|Win32
		{14EF6EFF-2AAE-4E22-8293-8B2FEABA688F}.Release|Win32.Build.0 = Release|Win32
		{C34EF28F-1D66-4CEE-B435-7C420DAF0AD3}.Debug Corba|Win32.ActiveCfg = Debug Corba|Win32
		{C34EF28F-1D66-4CEE-B435-7C420DAF0AD3}.Debug Corba|Win32.Build.0 = Debug Corba|Win32
		{C34EF28F-1D66-4CEE-B435-7C420DAF0AD3}.Debug MT|Win32.ActiveCfg = Debug MT|Win32
		{C34EF28F-1D66-4CEE-B435-7C420DAF0AD3}.Debug MT|Win32.Build.0 = Debug MT|Win32
		{C34EF28F-1D66-4CEE-B435-7C420DAF0AD3}.Debug|Win32.ActiveCfg = Debug|Win32
		{C34EF28F-1D66-4CEE-B435-7C420DAF0AD3}.Debug|Win32.Build.0 = Debug|Win32
		{C34EF28F-1D66-4CEE-B435-7C420DAF0AD3}.Release Corba|Win32.ActiveCfg = Release Corba|Win32
		{C34EF28F-1D66-4CEE-B435-7C420DAF0AD3}.Release Corba|Win32.Build.0 = Release Corba|Win32
		{C34EF28F-1D66-4CEE-B435-7C420DAF0AD3}.Release MT|Win32.ActiveCfg = Release MT|Win32
		{C34EF28F-1D66-4CEE-B435-7C420DAF0AD3}.Release MT|Win32.Build.0 = Release MT|Win32
		{C34EF28F-1D66-4CEE-B435-7C420DAF0AD3}.Release|Win32.ActiveCfg = Release|Win32
		{C34EF28F-1D66-4CEE-B435-7C420DAF0AD3}.Release|Win32.Build.0 = Release|Win32
		{614C13B6-EBB9-47F5-AABB-4439DA20E796}.Debug Corba|Win32.ActiveCfg = Debug Corba|Win32
		{614C13B6-EBB9-47F5-AABB-4439DA20E796}.Debug Corba|Win32.Build.0 = Debug Corba|Win32
		{614C13B6-EBB9-47F5-AABB-4439DA20E796}.Debug MT|Win32.ActiveCfg = Debug MT|Win32
		{614C13B6-EBB9-47F5-AABB-4439DA20E796}.Debug MT|Win32.Build.0 = Debug MT|Win32
		{614C13B6-EBB9-47F5-AABB-4439DA20E796}.Debug|Win32.ActiveCfg = Debug|Win32
		{614C13B6-EBB9-47F5-AABB-4439DA20E796}.Debug|Win32.Build.0 = Debug|Win32
		{614C13B6-EBB9-47F5-AABB-4439DA20E796}.Release Corba|Win32.ActiveCfg = Release Corba|Win32
		{614C13B6-EBB9-47F5-AABB-4439DA20E796}.Release Corba|Win32.Build.0 = Release Corba|Win32
		{614C13B6-EBB9-47F5-AABB-4439DA20E796}.Release MT|Win32.ActiveCfg = Release MT|Win32
		{614C13B6-EBB9-47F5-AABB-4439DA20E796}.Release MT|Win32.Build.0 = Release MT|Win32
		{614C13B6-EBB9-47F5-AABB-4439DA20E796}.Release|Win32.ActiveCfg = Release|Win32
		{614C13B6-EBB9-47F5-AABB-4439DA20E796}.Release|Win32.Build.0 = Release|Win32
		{AC7C7972-A31D-4CDE-99E5-B56A19AB6457}.Debug Corba|Win32.ActiveCfg = Debug MT|Win32
		{AC7C7972-A31D-4CDE-99E5-B56A19AB6457}.Debug Corba|Win32.Build.0 = Debug MT|Win32
		{AC7C7972-A31D-4CDE-99E5-B56A19AB6457}.Debug MT|Win32.ActiveCfg = Debug MT|Win32
		{AC7C7972-A31D-4CDE-99E5-B56A19AB6457}.Debug MT|Win32.Build.0 = Debug MT|Win32
		{AC7C7972-A31D-4CDE-99E5-B56A19AB6457}.Debug|Win32.ActiveCfg = Debug|Win32
		{AC7C7972-A31D-4CDE-99E5-B56A19AB6457}.Debug|Win32.Build.0 = Debug|Win32
		{AC7C7972-A31D-4CDE-99E5-B56A19AB6457}.Release Corba|Win32.ActiveCfg = Release MT|Win32
		{AC7C7972-A31D-4CDE-99E5-B56A19AB6457}.Release Corba|Win32.Build.0 = Release MT|Win32
		{AC7C7972-A31D-4CDE-99E5-B56A19AB6457}.Release MT|Win32.ActiveCfg = Release MT|Win32
		{AC7C7972-A31D-4CDE-99E5-B56A19AB6457}.Release MT|Win32.Build.0 = Release MT|Win32
		{AC7C7972-A31D-4CDE-99E5-B56A19AB6457}.Release|Win32.ActiveCfg = Release|Win32
		{AC7C7972-A31D-4CDE-99E5-B56A19AB6457}.Release|Win32.Build.0 = Release|Win32
		{7861F6F8-175E-474E-8B38-82F47FF4A377}.Debug Corba|Win32.ActiveCfg = Debug MT|Win32
		{7861F6F8-175E-474E-8B38-82F47FF4A377}.Debug Corba|Win32.Build.0 = Debug MT|Win32
		{7861F6F8-175E-474E-8B38-82F47FF4A377}.Debug MT|Win32.ActiveCfg = Debug MT|Win32
		{7861F6F8-175E-474E-8B38-82F47FF4A377}.Debug MT|Win32.Build.0 = Debug MT|Win32
		{7861F6F8-175E-474E-8B38-82F47FF4A377}.Debug|Win32.ActiveCfg = Debug|Win32
		{7861F6F8-175E-474E-8B38-82F47FF4A377}.Debug|Win32.Build.0 = Debug|Win32
		{7861F6F8-175E-474E-8B38-82F47FF4A377}.Release Corba|Win32.ActiveCfg = Release MT|Win32
		{7861F6F8-175E-474E-8B38-82F47FF4A377}.Release Corba|Win32.Build.0 = Release MT|Win32
		{7861F6F8-175E-474E-8B38-82F47FF4A377}.Release MT|Win32.ActiveCfg = Release MT|Win32
		{7861F6F8-175E-474E-8B38-82F47FF4A377}.Release MT|Win32.Build.0 = Release MT|Win32
		{7861F6F8-175E-474E-8B38-82F47FF4A377}.Release|Win32.ActiveCfg = Release|Win32
		{7861F6F8-175E-474E-8B38-82F47FF4A377}.Release|Win32.Build.0 = Release|Win32
		{6279A1CE-BFD8-497F-B4AD-F0DCADC9C0B6}.Debug Corba|Win32.ActiveCfg = Debug Corba|Win32
		{6279A1CE-BFD8-497F-B4AD-F0DCADC9C0B6}.Debug Corba|Win32.Build.0 = Debug Corba|Win32
		{6279A1CE-BFD8-497F-B4AD-F0DCADC9C0B6}.Debug MT|Win32.ActiveCfg = Debug MT|Win32
		{6279A1CE-BFD8-497F-B4AD-F0DCADC9C0B6}.Debug MT|Win32.Build.0 = Debug MT|Win32
		{6279A1CE-BFD8-497F-B4AD-F0DCADC9C0B6}.Debug|Win32.ActiveCfg = Debug|Win32
		{6279A1CE-BFD8-497F-B4AD-F0DCADC9C0B6}.Debug|Win32.Build.0 = Debug|Win32
		{6279A1CE-BFD8-497F-B4AD-F0DCADC9C0B6}.Release Corba|Win32.ActiveCfg = Release Corba|Win32
		{6279A1CE-BFD8-497F-B4AD-F0DCADC9C0B6}.Release Corba|Win32.Build.0 = Release Corba|Win32
		{6279A1CE-BFD8-497F-B4AD-F0DCADC9C0B6}.Release MT|Win32.ActiveCfg = Release MT|Win32
		{6279A1CE-BFD8-497F-B4AD-F0DCADC9C0B6}.Release MT|Win32.Build.0 = Release MT|Win32
		{6279A1CE-BFD8-497F-B4AD-F0DCADC9C0B6}.Release|Win32.ActiveCfg = Release|Win32
		{6279A1CE-BFD8-497F-B4AD-F0DCADC9C0B6}.Release|Win32.Build.0 = Release|Win32
		{977EBFEC-18C7-4851-BFB0-C7D430A1E8AA}.Debug Corba|Win32.ActiveCfg = Debug Corba|Win32
		{977EBFEC-18C7-4851-BFB0-C7D430A1E8AA}.Debug Corba|Win32.Build.0 = Debug Corba|Win32
		{977EBFEC-18C7-4851-BFB0-C7D430A1E8AA}.Debug MT|Win32.ActiveCfg = Debug MT|Win32
		{977EBFEC-18C7-4851-BFB0-C7D430A1E8AA}.Debug MT|Win32.Build.0 = Debug MT|Win32
		{977EBFEC-18C7-4851-BFB0-C7D430A1E8AA}.Debug|Win32.ActiveCfg = Debug|Win32
		{977EBFEC-18C7-4851-BFB0-C7D430A1E8AA}.Debug|Win32.Build.0 = Debug|Win32
		{977EBFEC-18C7-4851-BFB0-C7D430A1E8AA}.Release Corba|Win32.ActiveCfg = Release Corba|Win32
		{977EBFEC-18C7-4851-BFB0-C7D430A1E8AA}.Release Corba|Win32.Build.0 = Release Corba|Win32
		{977EBFEC-18C7-4851-BFB0-C7D430A1E8AA}.Release MT|Win32.ActiveCfg = Release MT|Win32
		{977EBFEC-18C7-4851-BFB0-C7D430A1E8AA}.Release MT|Win32.Build.0 = Release MT|Win32
		{977EBFEC-18C7-4851-BFB0-C7D430A1E8AA}.Release|Win32.ActiveCfg = Release|Win32
		{977EBFEC-18C7-4851-BFB0-C7D430A1E8AA}.Release|Win32.Build.0 = Release|Win32
		{1453DD9A-B898-496F-BCBE-B42F9AE75FD5}.Debug Corba|Win32.ActiveCfg = Debug|Win32
		{1453DD9A-B898-496F-BCBE-B42F9AE75FD5}.Debug Corba|Win32.Build.0 = Debug|Win32
		{1453DD9A-B898-496F-BCBE-B42F9AE75FD5}.Debug MT|Win32.ActiveCfg = Debug|Win32
		{1453DD9A-B898-496F-BCBE-B42F9AE75FD5}.Debug MT|Win32.Build.0 = Debug|Win32
		{1453DD9A-B898-496F-BCBE-B42F9AE75FD5}.Debug|Win32.ActiveCfg = Debug|Win32
		{1453DD9A-B898-496F-BCBE-B42F9AE75FD5}.Debug|Win32.Build.0 = Debug|Win32
		{1453DD9A-B898-496F-BCBE-B42F9AE75FD5}.Release Corba|Win32.ActiveCfg = Release|Win32
		{1453DD9A-B898-496F-BCBE-B42F9AE75FD5}.Release Corba|Win32.Build.0 = Release|Win32
		{1453DD9A-B898-496F-BCBE-B42F9AE75FD5}.Release MT|Win32.ActiveCfg = Release|Win32
		{1453DD9A-B898-496F-BCBE-B42F9AE75FD5}.Release MT|Win32.Build.0 = Release|Win32
		{1453DD9A-B898-496F-BCBE-B42F9AE75FD5}.Release|Win32.ActiveCfg = Release|Win32
		{1453DD9A-B898-496F-BCBE-B42F9AE75FD5}.Release|Win32.Build.0 = Release|Win32
	EndGlobalSection
	GlobalSection(SolutionProperties) = preSolution
		HideSolutionNode = FALSE
	EndGlobalSection
	GlobalSection(NestedProjects) = preSolution
		{FFDA38F8-DCBB-47A6-B071-2E5AA6FFEE98} = {E86C4172-0346-404B-B00A-50D5AAD721C0}
		{1453DD9A-B898-496F-BCBE-B42F9AE75FD5} = {E86C4172-0346-404B-B00A-50D5AAD721C0}
		{048B01A3-8722-476D-AF0C-DF56EA18E57B} = {30509F5E-5EC0-4908-8736-EEBE7DC3A8F3}
		{FF8088D9-472E-4480-901D-009B51311853} = {DEB40E72-5A2E-472A-9929-153B78A3CA44}
		{C6E2CFF1-566D-45E2-8D67-F78AA38891A7} = {D7BF57EC-4DFE-4DB4-BA70-BCD4087D0AC9}
		{4DB71634-F23B-481E-B3EA-F839D6E28134} = {D7BF57EC-4DFE-4DB4-BA70-BCD4087D0AC9}
		{5FBF4E28-C0DF-476A-8C24-29F177204CAF} = {D7BF57EC-4DFE-4DB4-BA70-BCD4087D0AC9}
		{7FDB2504-B35B-4698-88A5-55B7112E01F4} = {C6E2CFF1-566D-45E2-8D67-F78AA38891A7}
		{14EF6EFF-2AAE-4E22-8293-8B2FEABA688F} = {C6E2CFF1-566D-45E2-8D67-F78AA38891A7}
		{977EBFEC-18C7-4851-BFB0-C7D430A1E8AA} = {C6E2CFF1-566D-45E2-8D67-F78AA38891A7}
		{C34EF28F-1D66-4CEE-B435-7C420DAF0AD3} = {4DB71634-F23B-481E-B3EA-F839D6E28134}
		{614C13B6-EBB9-47F5-AABB-4439DA20E796} = {5FBF4E28-C0DF-476A-8C24-29F177204CAF}
		{7861F6F8-175E-474E-8B38-82F47FF4A377} = {8CDA6054-2B3F-4A84-8155-08BEB0E8A6F4}
		{AC7C7972-A31D-4CDE-99E5-B56A19AB6457} = {8CDA6054-2B3F-4A84-8155-08BEB0E8A6F4}
		{6279A1CE-BFD8-497F-B4AD-F0DCADC9C0B6} = {D82DEF93-543C-41C2-BE70-A5EF63E4F0E7}
	EndGlobalSection
EndGlobal
