
Microsoft Visual Studio Solution File, Format Version 10.00
# Visual Studio 2008
Project("{2150E333-8FDC-42A3-9474-1A3956D46DE8}") = ".simulator", ".simulator", "{B8EE4A04-6039-4A64-B73C-BB6694867CDB}"
EndProject
Project("{2150E333-8FDC-42A3-9474-1A3956D46DE8}") = ".compiler", ".compiler", "{7C11F0F2-A105-404C-9611-E484565A5632}"
EndProject
Project("{2150E333-8FDC-42A3-9474-1A3956D46DE8}") = ".runtime", ".runtime", "{CA16C40B-B417-4DDC-B4BF-3B67501BA9DE}"
EndProject
Project("{2150E333-8FDC-42A3-9474-1A3956D46DE8}") = ".kernel", ".kernel", "{DE3AEFE9-02E1-4571-A980-43707A4BE1AB}"
EndProject
Project("{2150E333-8FDC-42A3-9474-1A3956D46DE8}") = ".repository", ".repository", "{272CB38E-8F7F-4443-A6D0-35E5E4E1D5DA}"
EndProject
Project("{2150E333-8FDC-42A3-9474-1A3956D46DE8}") = ".utils", ".utils", "{93A78726-EE5D-46FD-B628-523E1F4E09C9}"
EndProject
Project("{2150E333-8FDC-42A3-9474-1A3956D46DE8}") = ".service", ".service", "{EC7A6113-6E26-478D-98B7-405A99AD6FEA}"
EndProject
Project("{2150E333-8FDC-42A3-9474-1A3956D46DE8}") = ".help", ".help", "{5810CF5F-91F9-4CEA-9355-1BF51A22CC1D}"
EndProject
Project("{2150E333-8FDC-42A3-9474-1A3956D46DE8}") = ".resources (not for compiler)", ".resources (not for compiler)", "{9ECFE882-0486-4248-9A76-7F44E9732861}"
EndProject
Project("{2150E333-8FDC-42A3-9474-1A3956D46DE8}") = "help_tools", "help_tools", "{2B5E6C99-0AC7-4736-8647-E69E9327A8E0}"
	ProjectSection(SolutionItems) = preProject
		app\rdo_studio_mfc\help\help_tools\HHA.DLL = app\rdo_studio_mfc\help\help_tools\HHA.DLL
		app\rdo_studio_mfc\help\help_tools\hhc.bat = app\rdo_studio_mfc\help\help_tools\hhc.bat
		app\rdo_studio_mfc\help\help_tools\HHC.EXE = app\rdo_studio_mfc\help\help_tools\HHC.EXE
	EndProjectSection
EndProject
Project("{2150E333-8FDC-42A3-9474-1A3956D46DE8}") = ".plugnis", ".plugnis", "{0AAC792C-5016-4DFC-89BF-F98D70E5F396}"
EndProject
Project("{2150E333-8FDC-42A3-9474-1A3956D46DE8}") = ".studio", ".studio", "{217960B7-38FB-4E51-9732-71A0C56B81C6}"
EndProject
Project("{2150E333-8FDC-42A3-9474-1A3956D46DE8}") = ".common", ".common", "{7E6FF9CE-DDC6-43B2-A981-DE3555905A10}"
EndProject
Project("{2150E333-8FDC-42A3-9474-1A3956D46DE8}") = ".corba", ".corba", "{9DFEF469-50D9-406D-A45B-C4A80612A530}"
EndProject
Project("{2150E333-8FDC-42A3-9474-1A3956D46DE8}") = ".converter", ".converter", "{6A38031A-ACEE-48A6-98DD-AF162E639031}"
EndProject
Project("{2150E333-8FDC-42A3-9474-1A3956D46DE8}") = ".process", ".process", "{7ECBB553-A3BC-426A-B472-66C7947C39A8}"
EndProject
Project("{8BC9CEB8-8B4A-11D0-8D11-00A0C91BC942}") = "utils_common", "utils\utils_common.vcproj", "{AC7C7972-A31D-4CDE-99E5-B56A19AB6457}"
EndProject
Project("{8BC9CEB8-8B4A-11D0-8D11-00A0C91BC942}") = "rdo_repository", "repository\rdo_repository.vcproj", "{FF8088D9-472E-4480-901D-009B51311853}"
	ProjectSection(ProjectDependencies) = postProject
		{048B01A3-8722-476D-AF0C-DF56EA18E57B} = {048B01A3-8722-476D-AF0C-DF56EA18E57B}
	EndProjectSection
EndProject
Project("{8BC9CEB8-8B4A-11D0-8D11-00A0C91BC942}") = "rdo_kernel", "kernel\rdo_kernel.vcproj", "{048B01A3-8722-476D-AF0C-DF56EA18E57B}"
	ProjectSection(ProjectDependencies) = postProject
		{7FDB2504-B35B-4698-88A5-55B7112E01F4} = {7FDB2504-B35B-4698-88A5-55B7112E01F4}
		{AC7C7972-A31D-4CDE-99E5-B56A19AB6457} = {AC7C7972-A31D-4CDE-99E5-B56A19AB6457}
	EndProjectSection
EndProject
Project("{8BC9CEB8-8B4A-11D0-8D11-00A0C91BC942}") = "rdo_runtime", "simulator\runtime\rdo_runtime.vcproj", "{C34EF28F-1D66-4CEE-B435-7C420DAF0AD3}"
	ProjectSection(ProjectDependencies) = postProject
		{AC7C7972-A31D-4CDE-99E5-B56A19AB6457} = {AC7C7972-A31D-4CDE-99E5-B56A19AB6457}
	EndProjectSection
EndProject
Project("{8BC9CEB8-8B4A-11D0-8D11-00A0C91BC942}") = "rdo_parser", "simulator\compiler\parser\rdo_parser.vcproj", "{7FDB2504-B35B-4698-88A5-55B7112E01F4}"
	ProjectSection(ProjectDependencies) = postProject
		{AC7C7972-A31D-4CDE-99E5-B56A19AB6457} = {AC7C7972-A31D-4CDE-99E5-B56A19AB6457}
		{C34EF28F-1D66-4CEE-B435-7C420DAF0AD3} = {C34EF28F-1D66-4CEE-B435-7C420DAF0AD3}
	EndProjectSection
EndProject
Project("{8BC9CEB8-8B4A-11D0-8D11-00A0C91BC942}") = "rdo_mbuilder", "simulator\compiler\mbuilder\rdo_mbuilder.vcproj", "{14EF6EFF-2AAE-4E22-8293-8B2FEABA688F}"
	ProjectSection(ProjectDependencies) = postProject
		{7FDB2504-B35B-4698-88A5-55B7112E01F4} = {7FDB2504-B35B-4698-88A5-55B7112E01F4}
		{AC7C7972-A31D-4CDE-99E5-B56A19AB6457} = {AC7C7972-A31D-4CDE-99E5-B56A19AB6457}
	EndProjectSection
EndProject
Project("{8BC9CEB8-8B4A-11D0-8D11-00A0C91BC942}") = "rdo_simulator", "simulator\service\rdo_simulator.vcproj", "{614C13B6-EBB9-47F5-AABB-4439DA20E796}"
	ProjectSection(ProjectDependencies) = postProject
		{7FDB2504-B35B-4698-88A5-55B7112E01F4} = {7FDB2504-B35B-4698-88A5-55B7112E01F4}
		{C34EF28F-1D66-4CEE-B435-7C420DAF0AD3} = {C34EF28F-1D66-4CEE-B435-7C420DAF0AD3}
		{6279A1CE-BFD8-497F-B4AD-F0DCADC9C0B6} = {6279A1CE-BFD8-497F-B4AD-F0DCADC9C0B6}
		{14EF6EFF-2AAE-4E22-8293-8B2FEABA688F} = {14EF6EFF-2AAE-4E22-8293-8B2FEABA688F}
	EndProjectSection
EndProject
Project("{8BC9CEB8-8B4A-11D0-8D11-00A0C91BC942}") = "rdo_help_lang_rus", "app\rdo_studio_mfc\help\rdo_lang_rus\rdo_lang_rus.vcproj", "{7B495AD2-D239-48CB-B034-BEBBC964E947}"
EndProject
Project("{8BC9CEB8-8B4A-11D0-8D11-00A0C91BC942}") = "rdo_help_lang_eng", "app\rdo_studio_mfc\help\rdo_lang_eng\rdo_lang_eng.vcproj", "{1D677AC9-AC3E-4027-9163-A621E5341A51}"
EndProject
Project("{8BC9CEB8-8B4A-11D0-8D11-00A0C91BC942}") = "rdo_help_studio_rus", "app\rdo_studio_mfc\help\rdo_studio_rus\rdo_studio_rus.vcproj", "{083D1F44-0D2E-422B-966D-0AEC03F89807}"
EndProject
Project("{8BC9CEB8-8B4A-11D0-8D11-00A0C91BC942}") = "rdo_studio", "app\rdo_studio_mfc\rdo_studio.vcproj", "{B24B66FC-B6FB-4051-AB29-93AF90570C26}"
	ProjectSection(ProjectDependencies) = postProject
		{9EEDD880-5EA7-40E5-B065-DA72B19892F4} = {9EEDD880-5EA7-40E5-B065-DA72B19892F4}
		{9EEDD880-5EA7-40E5-B065-DA72B19892F4} = {9EEDD880-5EA7-40E5-B065-DA72B19892F4}
		{048B01A3-8722-476D-AF0C-DF56EA18E57B} = {048B01A3-8722-476D-AF0C-DF56EA18E57B}
		{614C13B6-EBB9-47F5-AABB-4439DA20E796} = {614C13B6-EBB9-47F5-AABB-4439DA20E796}
		{FF8088D9-472E-4480-901D-009B51311853} = {FF8088D9-472E-4480-901D-009B51311853}
		{07426CDA-CE5C-4545-9C50-FF25E80CDF96} = {07426CDA-CE5C-4545-9C50-FF25E80CDF96}
		{07426CDA-CE5C-4545-9C50-FF25E80CDF96} = {07426CDA-CE5C-4545-9C50-FF25E80CDF96}
		{07426CDA-CE5C-4545-9C50-FF25E80CDF96} = {07426CDA-CE5C-4545-9C50-FF25E80CDF96}
		{1FACE2E3-B02E-45E1-9A93-56FD00508301} = {1FACE2E3-B02E-45E1-9A93-56FD00508301}
		{6EA136E5-E2E9-45C3-AF41-93EB339894BE} = {6EA136E5-E2E9-45C3-AF41-93EB339894BE}
		{6EA136E5-E2E9-45C3-AF41-93EB339894BE} = {6EA136E5-E2E9-45C3-AF41-93EB339894BE}
		{977EBFEC-18C7-4851-BFB0-C7D430A1E8AA} = {977EBFEC-18C7-4851-BFB0-C7D430A1E8AA}
	EndProjectSection
EndProject
Project("{8BC9CEB8-8B4A-11D0-8D11-00A0C91BC942}") = "rdo_corba", "simulator\corba\rdo_corba.vcproj", "{201000FF-16EB-4410-A653-8DF3009CF71C}"
EndProject
Project("{8BC9CEB8-8B4A-11D0-8D11-00A0C91BC942}") = "rdo_converter", "converter\smr2rdox\rdo_converter.vcproj", "{6279A1CE-BFD8-497F-B4AD-F0DCADC9C0B6}"
	ProjectSection(ProjectDependencies) = postProject
		{AC7C7972-A31D-4CDE-99E5-B56A19AB6457} = {AC7C7972-A31D-4CDE-99E5-B56A19AB6457}
		{C34EF28F-1D66-4CEE-B435-7C420DAF0AD3} = {C34EF28F-1D66-4CEE-B435-7C420DAF0AD3}
	EndProjectSection
EndProject
Project("{8BC9CEB8-8B4A-11D0-8D11-00A0C91BC942}") = "rp_method", "app\rdo_studio_mfc\rdo_process\rp_method\rp_method.vcproj", "{E3E1B8AA-D06A-4999-923A-A4D7BB2AAD62}"
	ProjectSection(ProjectDependencies) = postProject
		{1C949A7B-8C06-4A86-A833-C1052DD93810} = {1C949A7B-8C06-4A86-A833-C1052DD93810}
		{6EA136E5-E2E9-45C3-AF41-93EB339894BE} = {6EA136E5-E2E9-45C3-AF41-93EB339894BE}
	EndProjectSection
EndProject
Project("{8BC9CEB8-8B4A-11D0-8D11-00A0C91BC942}") = "method_proc2rdo", "app\rdo_studio_mfc\rdo_process\proc2rdo\proc2rdo.vcproj", "{9EEDD880-5EA7-40E5-B065-DA72B19892F4}"
	ProjectSection(ProjectDependencies) = postProject
		{7FDB2504-B35B-4698-88A5-55B7112E01F4} = {7FDB2504-B35B-4698-88A5-55B7112E01F4}
		{E3E1B8AA-D06A-4999-923A-A4D7BB2AAD62} = {E3E1B8AA-D06A-4999-923A-A4D7BB2AAD62}
		{6EA136E5-E2E9-45C3-AF41-93EB339894BE} = {6EA136E5-E2E9-45C3-AF41-93EB339894BE}
	EndProjectSection
EndProject
Project("{8BC9CEB8-8B4A-11D0-8D11-00A0C91BC942}") = "rp_ctrl", "app\rdo_studio_mfc\rdo_process\rp_ctrl\rp_ctrl.vcproj", "{6EA136E5-E2E9-45C3-AF41-93EB339894BE}"
	ProjectSection(ProjectDependencies) = postProject
		{1C949A7B-8C06-4A86-A833-C1052DD93810} = {1C949A7B-8C06-4A86-A833-C1052DD93810}
	EndProjectSection
EndProject
Project("{8BC9CEB8-8B4A-11D0-8D11-00A0C91BC942}") = "rp_misc", "app\rdo_studio_mfc\rdo_process\rp_misc\rp_misc.vcproj", "{1C949A7B-8C06-4A86-A833-C1052DD93810}"
EndProject
Project("{8BC9CEB8-8B4A-11D0-8D11-00A0C91BC942}") = "rdo_plugin_mfc", "app\rdo_studio_mfc\plugins\mfc\rdo_plugin_mfc.vcproj", "{37214C3A-5EA5-4CE1-B843-ABF4399CFC51}"
	ProjectSection(ProjectDependencies) = postProject
		{1FACE2E3-B02E-45E1-9A93-56FD00508301} = {1FACE2E3-B02E-45E1-9A93-56FD00508301}
	EndProjectSection
EndProject
Project("{8BC9CEB8-8B4A-11D0-8D11-00A0C91BC942}") = "rdo_plugin", "app\rdo_studio_mfc\plugins\common\rdo_plugin.vcproj", "{1FACE2E3-B02E-45E1-9A93-56FD00508301}"
EndProject
Project("{8BC9CEB8-8B4A-11D0-8D11-00A0C91BC942}") = "rdo_version", "app\rdo_studio_mfc\rdo_version.vcproj", "{6A0AC201-55B9-4861-8339-5AD42572B2FC}"
EndProject
Project("{8BC9CEB8-8B4A-11D0-8D11-00A0C91BC942}") = "rdo_ctrls", "ui\mfc_ctrls\rdo_ctrls.vcproj", "{07426CDA-CE5C-4545-9C50-FF25E80CDF96}"
EndProject
Project("{8BC9CEB8-8B4A-11D0-8D11-00A0C91BC942}") = "utils_smart_ptr", "utils\utils_smart_ptr.vcproj", "{7861F6F8-175E-474E-8B38-82F47FF4A377}"
EndProject
Project("{8BC9CEB8-8B4A-11D0-8D11-00A0C91BC942}") = "rdo_procgui", "simulator\compiler\procgui\rdo_procgui.vcproj", "{977EBFEC-18C7-4851-BFB0-C7D430A1E8AA}"
	ProjectSection(ProjectDependencies) = postProject
		{AC7C7972-A31D-4CDE-99E5-B56A19AB6457} = {AC7C7972-A31D-4CDE-99E5-B56A19AB6457}
		{C34EF28F-1D66-4CEE-B435-7C420DAF0AD3} = {C34EF28F-1D66-4CEE-B435-7C420DAF0AD3}
	EndProjectSection
EndProject
Global
	GlobalSection(SolutionConfigurationPlatforms) = preSolution
		Debug Corba|Win32 = Debug Corba|Win32
		Debug MT|Win32 = Debug MT|Win32
		Debug|Win32 = Debug|Win32
		Release Corba|Win32 = Release Corba|Win32
		Release MT|Win32 = Release MT|Win32
		Release|Win32 = Release|Win32
	EndGlobalSection
	GlobalSection(ProjectConfigurationPlatforms) = postSolution
		{AC7C7972-A31D-4CDE-99E5-B56A19AB6457}.Debug Corba|Win32.ActiveCfg = Debug MT|Win32
		{AC7C7972-A31D-4CDE-99E5-B56A19AB6457}.Debug Corba|Win32.Build.0 = Debug MT|Win32
		{AC7C7972-A31D-4CDE-99E5-B56A19AB6457}.Debug MT|Win32.ActiveCfg = Debug MT|Win32
		{AC7C7972-A31D-4CDE-99E5-B56A19AB6457}.Debug MT|Win32.Build.0 = Debug MT|Win32
		{AC7C7972-A31D-4CDE-99E5-B56A19AB6457}.Debug|Win32.ActiveCfg = Debug|Win32
		{AC7C7972-A31D-4CDE-99E5-B56A19AB6457}.Debug|Win32.Build.0 = Debug|Win32
		{AC7C7972-A31D-4CDE-99E5-B56A19AB6457}.Release Corba|Win32.ActiveCfg = Release MT|Win32
		{AC7C7972-A31D-4CDE-99E5-B56A19AB6457}.Release Corba|Win32.Build.0 = Release MT|Win32
		{AC7C7972-A31D-4CDE-99E5-B56A19AB6457}.Release MT|Win32.ActiveCfg = Release MT|Win32
		{AC7C7972-A31D-4CDE-99E5-B56A19AB6457}.Release MT|Win32.Build.0 = Release MT|Win32
		{AC7C7972-A31D-4CDE-99E5-B56A19AB6457}.Release|Win32.ActiveCfg = Release|Win32
		{AC7C7972-A31D-4CDE-99E5-B56A19AB6457}.Release|Win32.Build.0 = Release|Win32
		{FF8088D9-472E-4480-901D-009B51311853}.Debug Corba|Win32.ActiveCfg = Debug Corba|Win32
		{FF8088D9-472E-4480-901D-009B51311853}.Debug Corba|Win32.Build.0 = Debug Corba|Win32
		{FF8088D9-472E-4480-901D-009B51311853}.Debug MT|Win32.ActiveCfg = Debug MT|Win32
		{FF8088D9-472E-4480-901D-009B51311853}.Debug MT|Win32.Build.0 = Debug MT|Win32
		{FF8088D9-472E-4480-901D-009B51311853}.Debug|Win32.ActiveCfg = Debug|Win32
		{FF8088D9-472E-4480-901D-009B51311853}.Debug|Win32.Build.0 = Debug|Win32
		{FF8088D9-472E-4480-901D-009B51311853}.Release Corba|Win32.ActiveCfg = Release Corba|Win32
		{FF8088D9-472E-4480-901D-009B51311853}.Release Corba|Win32.Build.0 = Release Corba|Win32
		{FF8088D9-472E-4480-901D-009B51311853}.Release MT|Win32.ActiveCfg = Release MT|Win32
		{FF8088D9-472E-4480-901D-009B51311853}.Release MT|Win32.Build.0 = Release MT|Win32
		{FF8088D9-472E-4480-901D-009B51311853}.Release|Win32.ActiveCfg = Release|Win32
		{FF8088D9-472E-4480-901D-009B51311853}.Release|Win32.Build.0 = Release|Win32
		{048B01A3-8722-476D-AF0C-DF56EA18E57B}.Debug Corba|Win32.ActiveCfg = Debug Corba|Win32
		{048B01A3-8722-476D-AF0C-DF56EA18E57B}.Debug Corba|Win32.Build.0 = Debug Corba|Win32
		{048B01A3-8722-476D-AF0C-DF56EA18E57B}.Debug MT|Win32.ActiveCfg = Debug MT|Win32
		{048B01A3-8722-476D-AF0C-DF56EA18E57B}.Debug MT|Win32.Build.0 = Debug MT|Win32
		{048B01A3-8722-476D-AF0C-DF56EA18E57B}.Debug|Win32.ActiveCfg = Debug|Win32
		{048B01A3-8722-476D-AF0C-DF56EA18E57B}.Debug|Win32.Build.0 = Debug|Win32
		{048B01A3-8722-476D-AF0C-DF56EA18E57B}.Release Corba|Win32.ActiveCfg = Release Corba|Win32
		{048B01A3-8722-476D-AF0C-DF56EA18E57B}.Release Corba|Win32.Build.0 = Release Corba|Win32
		{048B01A3-8722-476D-AF0C-DF56EA18E57B}.Release MT|Win32.ActiveCfg = Release MT|Win32
		{048B01A3-8722-476D-AF0C-DF56EA18E57B}.Release MT|Win32.Build.0 = Release MT|Win32
		{048B01A3-8722-476D-AF0C-DF56EA18E57B}.Release|Win32.ActiveCfg = Release|Win32
		{048B01A3-8722-476D-AF0C-DF56EA18E57B}.Release|Win32.Build.0 = Release|Win32
		{C34EF28F-1D66-4CEE-B435-7C420DAF0AD3}.Debug Corba|Win32.ActiveCfg = Debug Corba|Win32
		{C34EF28F-1D66-4CEE-B435-7C420DAF0AD3}.Debug Corba|Win32.Build.0 = Debug Corba|Win32
		{C34EF28F-1D66-4CEE-B435-7C420DAF0AD3}.Debug MT|Win32.ActiveCfg = Debug MT|Win32
		{C34EF28F-1D66-4CEE-B435-7C420DAF0AD3}.Debug MT|Win32.Build.0 = Debug MT|Win32
		{C34EF28F-1D66-4CEE-B435-7C420DAF0AD3}.Debug|Win32.ActiveCfg = Debug|Win32
		{C34EF28F-1D66-4CEE-B435-7C420DAF0AD3}.Debug|Win32.Build.0 = Debug|Win32
		{C34EF28F-1D66-4CEE-B435-7C420DAF0AD3}.Release Corba|Win32.ActiveCfg = Release Corba|Win32
		{C34EF28F-1D66-4CEE-B435-7C420DAF0AD3}.Release Corba|Win32.Build.0 = Release Corba|Win32
		{C34EF28F-1D66-4CEE-B435-7C420DAF0AD3}.Release MT|Win32.ActiveCfg = Release MT|Win32
		{C34EF28F-1D66-4CEE-B435-7C420DAF0AD3}.Release MT|Win32.Build.0 = Release MT|Win32
		{C34EF28F-1D66-4CEE-B435-7C420DAF0AD3}.Release|Win32.ActiveCfg = Release|Win32
		{C34EF28F-1D66-4CEE-B435-7C420DAF0AD3}.Release|Win32.Build.0 = Release|Win32
		{7FDB2504-B35B-4698-88A5-55B7112E01F4}.Debug Corba|Win32.ActiveCfg = Debug Corba|Win32
		{7FDB2504-B35B-4698-88A5-55B7112E01F4}.Debug Corba|Win32.Build.0 = Debug Corba|Win32
		{7FDB2504-B35B-4698-88A5-55B7112E01F4}.Debug MT|Win32.ActiveCfg = Debug MT|Win32
		{7FDB2504-B35B-4698-88A5-55B7112E01F4}.Debug MT|Win32.Build.0 = Debug MT|Win32
		{7FDB2504-B35B-4698-88A5-55B7112E01F4}.Debug|Win32.ActiveCfg = Debug|Win32
		{7FDB2504-B35B-4698-88A5-55B7112E01F4}.Debug|Win32.Build.0 = Debug|Win32
		{7FDB2504-B35B-4698-88A5-55B7112E01F4}.Release Corba|Win32.ActiveCfg = Release Corba|Win32
		{7FDB2504-B35B-4698-88A5-55B7112E01F4}.Release Corba|Win32.Build.0 = Release Corba|Win32
		{7FDB2504-B35B-4698-88A5-55B7112E01F4}.Release MT|Win32.ActiveCfg = Release MT|Win32
		{7FDB2504-B35B-4698-88A5-55B7112E01F4}.Release MT|Win32.Build.0 = Release MT|Win32
		{7FDB2504-B35B-4698-88A5-55B7112E01F4}.Release|Win32.ActiveCfg = Release|Win32
		{7FDB2504-B35B-4698-88A5-55B7112E01F4}.Release|Win32.Build.0 = Release|Win32
		{14EF6EFF-2AAE-4E22-8293-8B2FEABA688F}.Debug Corba|Win32.ActiveCfg = Debug Corba|Win32
		{14EF6EFF-2AAE-4E22-8293-8B2FEABA688F}.Debug Corba|Win32.Build.0 = Debug Corba|Win32
		{14EF6EFF-2AAE-4E22-8293-8B2FEABA688F}.Debug MT|Win32.ActiveCfg = Debug MT|Win32
		{14EF6EFF-2AAE-4E22-8293-8B2FEABA688F}.Debug MT|Win32.Build.0 = Debug MT|Win32
		{14EF6EFF-2AAE-4E22-8293-8B2FEABA688F}.Debug|Win32.ActiveCfg = Debug|Win32
		{14EF6EFF-2AAE-4E22-8293-8B2FEABA688F}.Debug|Win32.Build.0 = Debug|Win32
		{14EF6EFF-2AAE-4E22-8293-8B2FEABA688F}.Release Corba|Win32.ActiveCfg = Release Corba|Win32
		{14EF6EFF-2AAE-4E22-8293-8B2FEABA688F}.Release Corba|Win32.Build.0 = Release Corba|Win32
		{14EF6EFF-2AAE-4E22-8293-8B2FEABA688F}.Release MT|Win32.ActiveCfg = Release MT|Win32
		{14EF6EFF-2AAE-4E22-8293-8B2FEABA688F}.Release MT|Win32.Build.0 = Release MT|Win32
		{14EF6EFF-2AAE-4E22-8293-8B2FEABA688F}.Release|Win32.ActiveCfg = Release|Win32
		{14EF6EFF-2AAE-4E22-8293-8B2FEABA688F}.Release|Win32.Build.0 = Release|Win32
		{614C13B6-EBB9-47F5-AABB-4439DA20E796}.Debug Corba|Win32.ActiveCfg = Debug Corba|Win32
		{614C13B6-EBB9-47F5-AABB-4439DA20E796}.Debug Corba|Win32.Build.0 = Debug Corba|Win32
		{614C13B6-EBB9-47F5-AABB-4439DA20E796}.Debug MT|Win32.ActiveCfg = Debug MT|Win32
		{614C13B6-EBB9-47F5-AABB-4439DA20E796}.Debug MT|Win32.Build.0 = Debug MT|Win32
		{614C13B6-EBB9-47F5-AABB-4439DA20E796}.Debug|Win32.ActiveCfg = Debug|Win32
		{614C13B6-EBB9-47F5-AABB-4439DA20E796}.Debug|Win32.Build.0 = Debug|Win32
		{614C13B6-EBB9-47F5-AABB-4439DA20E796}.Release Corba|Win32.ActiveCfg = Release Corba|Win32
		{614C13B6-EBB9-47F5-AABB-4439DA20E796}.Release Corba|Win32.Build.0 = Release Corba|Win32
		{614C13B6-EBB9-47F5-AABB-4439DA20E796}.Release MT|Win32.ActiveCfg = Release MT|Win32
		{614C13B6-EBB9-47F5-AABB-4439DA20E796}.Release MT|Win32.Build.0 = Release MT|Win32
		{614C13B6-EBB9-47F5-AABB-4439DA20E796}.Release|Win32.ActiveCfg = Release|Win32
		{614C13B6-EBB9-47F5-AABB-4439DA20E796}.Release|Win32.Build.0 = Release|Win32
		{7B495AD2-D239-48CB-B034-BEBBC964E947}.Debug Corba|Win32.ActiveCfg = Release|Win32
		{7B495AD2-D239-48CB-B034-BEBBC964E947}.Debug MT|Win32.ActiveCfg = Release|Win32
		{7B495AD2-D239-48CB-B034-BEBBC964E947}.Debug|Win32.ActiveCfg = Release|Win32
		{7B495AD2-D239-48CB-B034-BEBBC964E947}.Release Corba|Win32.ActiveCfg = Release|Win32
		{7B495AD2-D239-48CB-B034-BEBBC964E947}.Release MT|Win32.ActiveCfg = Release|Win32
		{7B495AD2-D239-48CB-B034-BEBBC964E947}.Release|Win32.ActiveCfg = Release|Win32
		{7B495AD2-D239-48CB-B034-BEBBC964E947}.Release|Win32.Build.0 = Release|Win32
		{1D677AC9-AC3E-4027-9163-A621E5341A51}.Debug Corba|Win32.ActiveCfg = Release|Win32
		{1D677AC9-AC3E-4027-9163-A621E5341A51}.Debug MT|Win32.ActiveCfg = Release|Win32
		{1D677AC9-AC3E-4027-9163-A621E5341A51}.Debug|Win32.ActiveCfg = Release|Win32
		{1D677AC9-AC3E-4027-9163-A621E5341A51}.Release Corba|Win32.ActiveCfg = Release|Win32
		{1D677AC9-AC3E-4027-9163-A621E5341A51}.Release MT|Win32.ActiveCfg = Release|Win32
		{1D677AC9-AC3E-4027-9163-A621E5341A51}.Release|Win32.ActiveCfg = Release|Win32
		{083D1F44-0D2E-422B-966D-0AEC03F89807}.Debug Corba|Win32.ActiveCfg = Release|Win32
		{083D1F44-0D2E-422B-966D-0AEC03F89807}.Debug MT|Win32.ActiveCfg = Release|Win32
		{083D1F44-0D2E-422B-966D-0AEC03F89807}.Debug|Win32.ActiveCfg = Release|Win32
		{083D1F44-0D2E-422B-966D-0AEC03F89807}.Release Corba|Win32.ActiveCfg = Release|Win32
		{083D1F44-0D2E-422B-966D-0AEC03F89807}.Release MT|Win32.ActiveCfg = Release|Win32
		{083D1F44-0D2E-422B-966D-0AEC03F89807}.Release|Win32.ActiveCfg = Release|Win32
		{083D1F44-0D2E-422B-966D-0AEC03F89807}.Release|Win32.Build.0 = Release|Win32
		{B24B66FC-B6FB-4051-AB29-93AF90570C26}.Debug Corba|Win32.ActiveCfg = Debug Corba|Win32
		{B24B66FC-B6FB-4051-AB29-93AF90570C26}.Debug Corba|Win32.Build.0 = Debug Corba|Win32
		{B24B66FC-B6FB-4051-AB29-93AF90570C26}.Debug MT|Win32.ActiveCfg = Debug MT|Win32
		{B24B66FC-B6FB-4051-AB29-93AF90570C26}.Debug MT|Win32.Build.0 = Debug MT|Win32
		{B24B66FC-B6FB-4051-AB29-93AF90570C26}.Debug|Win32.ActiveCfg = Debug|Win32
		{B24B66FC-B6FB-4051-AB29-93AF90570C26}.Debug|Win32.Build.0 = Debug|Win32
		{B24B66FC-B6FB-4051-AB29-93AF90570C26}.Release Corba|Win32.ActiveCfg = Release Corba|Win32
		{B24B66FC-B6FB-4051-AB29-93AF90570C26}.Release Corba|Win32.Build.0 = Release Corba|Win32
		{B24B66FC-B6FB-4051-AB29-93AF90570C26}.Release MT|Win32.ActiveCfg = Release MT|Win32
		{B24B66FC-B6FB-4051-AB29-93AF90570C26}.Release MT|Win32.Build.0 = Release MT|Win32
		{B24B66FC-B6FB-4051-AB29-93AF90570C26}.Release|Win32.ActiveCfg = Release|Win32
		{B24B66FC-B6FB-4051-AB29-93AF90570C26}.Release|Win32.Build.0 = Release|Win32
		{201000FF-16EB-4410-A653-8DF3009CF71C}.Debug Corba|Win32.ActiveCfg = Debug Corba|Win32
		{201000FF-16EB-4410-A653-8DF3009CF71C}.Debug Corba|Win32.Build.0 = Debug Corba|Win32
		{201000FF-16EB-4410-A653-8DF3009CF71C}.Debug MT|Win32.ActiveCfg = Debug Corba|Win32
		{201000FF-16EB-4410-A653-8DF3009CF71C}.Debug|Win32.ActiveCfg = Debug Corba|Win32
		{201000FF-16EB-4410-A653-8DF3009CF71C}.Release Corba|Win32.ActiveCfg = Release Corba|Win32
		{201000FF-16EB-4410-A653-8DF3009CF71C}.Release Corba|Win32.Build.0 = Release Corba|Win32
		{201000FF-16EB-4410-A653-8DF3009CF71C}.Release MT|Win32.ActiveCfg = Release Corba|Win32
		{201000FF-16EB-4410-A653-8DF3009CF71C}.Release|Win32.ActiveCfg = Release Corba|Win32
		{6279A1CE-BFD8-497F-B4AD-F0DCADC9C0B6}.Debug Corba|Win32.ActiveCfg = Debug Corba|Win32
		{6279A1CE-BFD8-497F-B4AD-F0DCADC9C0B6}.Debug Corba|Win32.Build.0 = Debug Corba|Win32
		{6279A1CE-BFD8-497F-B4AD-F0DCADC9C0B6}.Debug MT|Win32.ActiveCfg = Debug MT|Win32
		{6279A1CE-BFD8-497F-B4AD-F0DCADC9C0B6}.Debug MT|Win32.Build.0 = Debug MT|Win32
		{6279A1CE-BFD8-497F-B4AD-F0DCADC9C0B6}.Debug|Win32.ActiveCfg = Debug|Win32
		{6279A1CE-BFD8-497F-B4AD-F0DCADC9C0B6}.Debug|Win32.Build.0 = Debug|Win32
		{6279A1CE-BFD8-497F-B4AD-F0DCADC9C0B6}.Release Corba|Win32.ActiveCfg = Release Corba|Win32
		{6279A1CE-BFD8-497F-B4AD-F0DCADC9C0B6}.Release Corba|Win32.Build.0 = Release Corba|Win32
		{6279A1CE-BFD8-497F-B4AD-F0DCADC9C0B6}.Release MT|Win32.ActiveCfg = Release MT|Win32
		{6279A1CE-BFD8-497F-B4AD-F0DCADC9C0B6}.Release MT|Win32.Build.0 = Release MT|Win32
		{6279A1CE-BFD8-497F-B4AD-F0DCADC9C0B6}.Release|Win32.ActiveCfg = Release|Win32
		{6279A1CE-BFD8-497F-B4AD-F0DCADC9C0B6}.Release|Win32.Build.0 = Release|Win32
		{E3E1B8AA-D06A-4999-923A-A4D7BB2AAD62}.Debug Corba|Win32.ActiveCfg = Debug|Win32
		{E3E1B8AA-D06A-4999-923A-A4D7BB2AAD62}.Debug Corba|Win32.Build.0 = Debug|Win32
		{E3E1B8AA-D06A-4999-923A-A4D7BB2AAD62}.Debug MT|Win32.ActiveCfg = Debug|Win32
		{E3E1B8AA-D06A-4999-923A-A4D7BB2AAD62}.Debug MT|Win32.Build.0 = Debug|Win32
		{E3E1B8AA-D06A-4999-923A-A4D7BB2AAD62}.Debug|Win32.ActiveCfg = Debug|Win32
		{E3E1B8AA-D06A-4999-923A-A4D7BB2AAD62}.Debug|Win32.Build.0 = Debug|Win32
		{E3E1B8AA-D06A-4999-923A-A4D7BB2AAD62}.Release Corba|Win32.ActiveCfg = Release|Win32
		{E3E1B8AA-D06A-4999-923A-A4D7BB2AAD62}.Release Corba|Win32.Build.0 = Release|Win32
		{E3E1B8AA-D06A-4999-923A-A4D7BB2AAD62}.Release MT|Win32.ActiveCfg = Release|Win32
		{E3E1B8AA-D06A-4999-923A-A4D7BB2AAD62}.Release MT|Win32.Build.0 = Release|Win32
		{E3E1B8AA-D06A-4999-923A-A4D7BB2AAD62}.Release|Win32.ActiveCfg = Release|Win32
		{E3E1B8AA-D06A-4999-923A-A4D7BB2AAD62}.Release|Win32.Build.0 = Release|Win32
		{9EEDD880-5EA7-40E5-B065-DA72B19892F4}.Debug Corba|Win32.ActiveCfg = Debug|Win32
		{9EEDD880-5EA7-40E5-B065-DA72B19892F4}.Debug Corba|Win32.Build.0 = Debug|Win32
		{9EEDD880-5EA7-40E5-B065-DA72B19892F4}.Debug MT|Win32.ActiveCfg = Debug|Win32
		{9EEDD880-5EA7-40E5-B065-DA72B19892F4}.Debug MT|Win32.Build.0 = Debug|Win32
		{9EEDD880-5EA7-40E5-B065-DA72B19892F4}.Debug|Win32.ActiveCfg = Debug|Win32
		{9EEDD880-5EA7-40E5-B065-DA72B19892F4}.Debug|Win32.Build.0 = Debug|Win32
		{9EEDD880-5EA7-40E5-B065-DA72B19892F4}.Release Corba|Win32.ActiveCfg = Release|Win32
		{9EEDD880-5EA7-40E5-B065-DA72B19892F4}.Release Corba|Win32.Build.0 = Release|Win32
		{9EEDD880-5EA7-40E5-B065-DA72B19892F4}.Release MT|Win32.ActiveCfg = Release|Win32
		{9EEDD880-5EA7-40E5-B065-DA72B19892F4}.Release MT|Win32.Build.0 = Release|Win32
		{9EEDD880-5EA7-40E5-B065-DA72B19892F4}.Release|Win32.ActiveCfg = Release|Win32
		{9EEDD880-5EA7-40E5-B065-DA72B19892F4}.Release|Win32.Build.0 = Release|Win32
		{6EA136E5-E2E9-45C3-AF41-93EB339894BE}.Debug Corba|Win32.ActiveCfg = Debug|Win32
		{6EA136E5-E2E9-45C3-AF41-93EB339894BE}.Debug Corba|Win32.Build.0 = Debug|Win32
		{6EA136E5-E2E9-45C3-AF41-93EB339894BE}.Debug MT|Win32.ActiveCfg = Debug|Win32
		{6EA136E5-E2E9-45C3-AF41-93EB339894BE}.Debug MT|Win32.Build.0 = Debug|Win32
		{6EA136E5-E2E9-45C3-AF41-93EB339894BE}.Debug|Win32.ActiveCfg = Debug|Win32
		{6EA136E5-E2E9-45C3-AF41-93EB339894BE}.Debug|Win32.Build.0 = Debug|Win32
		{6EA136E5-E2E9-45C3-AF41-93EB339894BE}.Release Corba|Win32.ActiveCfg = Release|Win32
		{6EA136E5-E2E9-45C3-AF41-93EB339894BE}.Release Corba|Win32.Build.0 = Release|Win32
		{6EA136E5-E2E9-45C3-AF41-93EB339894BE}.Release MT|Win32.ActiveCfg = Release|Win32
		{6EA136E5-E2E9-45C3-AF41-93EB339894BE}.Release MT|Win32.Build.0 = Release|Win32
		{6EA136E5-E2E9-45C3-AF41-93EB339894BE}.Release|Win32.ActiveCfg = Release|Win32
		{6EA136E5-E2E9-45C3-AF41-93EB339894BE}.Release|Win32.Build.0 = Release|Win32
		{1C949A7B-8C06-4A86-A833-C1052DD93810}.Debug Corba|Win32.ActiveCfg = Debug|Win32
		{1C949A7B-8C06-4A86-A833-C1052DD93810}.Debug Corba|Win32.Build.0 = Debug|Win32
		{1C949A7B-8C06-4A86-A833-C1052DD93810}.Debug MT|Win32.ActiveCfg = Debug|Win32
		{1C949A7B-8C06-4A86-A833-C1052DD93810}.Debug MT|Win32.Build.0 = Debug|Win32
		{1C949A7B-8C06-4A86-A833-C1052DD93810}.Debug|Win32.ActiveCfg = Debug|Win32
		{1C949A7B-8C06-4A86-A833-C1052DD93810}.Debug|Win32.Build.0 = Debug|Win32
		{1C949A7B-8C06-4A86-A833-C1052DD93810}.Release Corba|Win32.ActiveCfg = Release|Win32
		{1C949A7B-8C06-4A86-A833-C1052DD93810}.Release Corba|Win32.Build.0 = Release|Win32
		{1C949A7B-8C06-4A86-A833-C1052DD93810}.Release MT|Win32.ActiveCfg = Release|Win32
		{1C949A7B-8C06-4A86-A833-C1052DD93810}.Release MT|Win32.Build.0 = Release|Win32
		{1C949A7B-8C06-4A86-A833-C1052DD93810}.Release|Win32.ActiveCfg = Release|Win32
		{1C949A7B-8C06-4A86-A833-C1052DD93810}.Release|Win32.Build.0 = Release|Win32
		{37214C3A-5EA5-4CE1-B843-ABF4399CFC51}.Debug Corba|Win32.ActiveCfg = Debug Corba|Win32
		{37214C3A-5EA5-4CE1-B843-ABF4399CFC51}.Debug Corba|Win32.Build.0 = Debug Corba|Win32
		{37214C3A-5EA5-4CE1-B843-ABF4399CFC51}.Debug MT|Win32.ActiveCfg = Debug MT|Win32
		{37214C3A-5EA5-4CE1-B843-ABF4399CFC51}.Debug MT|Win32.Build.0 = Debug MT|Win32
		{37214C3A-5EA5-4CE1-B843-ABF4399CFC51}.Debug|Win32.ActiveCfg = Debug|Win32
		{37214C3A-5EA5-4CE1-B843-ABF4399CFC51}.Debug|Win32.Build.0 = Debug|Win32
		{37214C3A-5EA5-4CE1-B843-ABF4399CFC51}.Release Corba|Win32.ActiveCfg = Release Corba|Win32
		{37214C3A-5EA5-4CE1-B843-ABF4399CFC51}.Release Corba|Win32.Build.0 = Release Corba|Win32
		{37214C3A-5EA5-4CE1-B843-ABF4399CFC51}.Release MT|Win32.ActiveCfg = Release MT|Win32
		{37214C3A-5EA5-4CE1-B843-ABF4399CFC51}.Release MT|Win32.Build.0 = Release MT|Win32
		{37214C3A-5EA5-4CE1-B843-ABF4399CFC51}.Release|Win32.ActiveCfg = Release|Win32
		{37214C3A-5EA5-4CE1-B843-ABF4399CFC51}.Release|Win32.Build.0 = Release|Win32
		{1FACE2E3-B02E-45E1-9A93-56FD00508301}.Debug Corba|Win32.ActiveCfg = Debug MT|Win32
		{1FACE2E3-B02E-45E1-9A93-56FD00508301}.Debug Corba|Win32.Build.0 = Debug MT|Win32
		{1FACE2E3-B02E-45E1-9A93-56FD00508301}.Debug MT|Win32.ActiveCfg = Debug MT|Win32
		{1FACE2E3-B02E-45E1-9A93-56FD00508301}.Debug MT|Win32.Build.0 = Debug MT|Win32
		{1FACE2E3-B02E-45E1-9A93-56FD00508301}.Debug|Win32.ActiveCfg = Debug|Win32
		{1FACE2E3-B02E-45E1-9A93-56FD00508301}.Debug|Win32.Build.0 = Debug|Win32
		{1FACE2E3-B02E-45E1-9A93-56FD00508301}.Release Corba|Win32.ActiveCfg = Release MT|Win32
		{1FACE2E3-B02E-45E1-9A93-56FD00508301}.Release Corba|Win32.Build.0 = Release MT|Win32
		{1FACE2E3-B02E-45E1-9A93-56FD00508301}.Release MT|Win32.ActiveCfg = Release MT|Win32
		{1FACE2E3-B02E-45E1-9A93-56FD00508301}.Release MT|Win32.Build.0 = Release MT|Win32
		{1FACE2E3-B02E-45E1-9A93-56FD00508301}.Release|Win32.ActiveCfg = Release|Win32
		{1FACE2E3-B02E-45E1-9A93-56FD00508301}.Release|Win32.Build.0 = Release|Win32
		{6A0AC201-55B9-4861-8339-5AD42572B2FC}.Debug Corba|Win32.ActiveCfg = Debug|Win32
		{6A0AC201-55B9-4861-8339-5AD42572B2FC}.Debug Corba|Win32.Build.0 = Debug|Win32
		{6A0AC201-55B9-4861-8339-5AD42572B2FC}.Debug MT|Win32.ActiveCfg = Debug|Win32
		{6A0AC201-55B9-4861-8339-5AD42572B2FC}.Debug MT|Win32.Build.0 = Debug|Win32
		{6A0AC201-55B9-4861-8339-5AD42572B2FC}.Debug|Win32.ActiveCfg = Debug|Win32
		{6A0AC201-55B9-4861-8339-5AD42572B2FC}.Debug|Win32.Build.0 = Debug|Win32
		{6A0AC201-55B9-4861-8339-5AD42572B2FC}.Release Corba|Win32.ActiveCfg = Release|Win32
		{6A0AC201-55B9-4861-8339-5AD42572B2FC}.Release Corba|Win32.Build.0 = Release|Win32
		{6A0AC201-55B9-4861-8339-5AD42572B2FC}.Release MT|Win32.ActiveCfg = Release|Win32
		{6A0AC201-55B9-4861-8339-5AD42572B2FC}.Release MT|Win32.Build.0 = Release|Win32
		{6A0AC201-55B9-4861-8339-5AD42572B2FC}.Release|Win32.ActiveCfg = Release|Win32
		{6A0AC201-55B9-4861-8339-5AD42572B2FC}.Release|Win32.Build.0 = Release|Win32
		{07426CDA-CE5C-4545-9C50-FF25E80CDF96}.Debug Corba|Win32.ActiveCfg = Debug MT|Win32
		{07426CDA-CE5C-4545-9C50-FF25E80CDF96}.Debug Corba|Win32.Build.0 = Debug MT|Win32
		{07426CDA-CE5C-4545-9C50-FF25E80CDF96}.Debug MT|Win32.ActiveCfg = Debug MT|Win32
		{07426CDA-CE5C-4545-9C50-FF25E80CDF96}.Debug MT|Win32.Build.0 = Debug MT|Win32
		{07426CDA-CE5C-4545-9C50-FF25E80CDF96}.Debug|Win32.ActiveCfg = Debug|Win32
		{07426CDA-CE5C-4545-9C50-FF25E80CDF96}.Debug|Win32.Build.0 = Debug|Win32
		{07426CDA-CE5C-4545-9C50-FF25E80CDF96}.Release Corba|Win32.ActiveCfg = Release MT|Win32
		{07426CDA-CE5C-4545-9C50-FF25E80CDF96}.Release Corba|Win32.Build.0 = Release MT|Win32
		{07426CDA-CE5C-4545-9C50-FF25E80CDF96}.Release MT|Win32.ActiveCfg = Release MT|Win32
		{07426CDA-CE5C-4545-9C50-FF25E80CDF96}.Release MT|Win32.Build.0 = Release MT|Win32
		{07426CDA-CE5C-4545-9C50-FF25E80CDF96}.Release|Win32.ActiveCfg = Release|Win32
		{07426CDA-CE5C-4545-9C50-FF25E80CDF96}.Release|Win32.Build.0 = Release|Win32
		{7861F6F8-175E-474E-8B38-82F47FF4A377}.Debug Corba|Win32.ActiveCfg = Debug MT|Win32
		{7861F6F8-175E-474E-8B38-82F47FF4A377}.Debug Corba|Win32.Build.0 = Debug MT|Win32
		{7861F6F8-175E-474E-8B38-82F47FF4A377}.Debug MT|Win32.ActiveCfg = Debug MT|Win32
		{7861F6F8-175E-474E-8B38-82F47FF4A377}.Debug MT|Win32.Build.0 = Debug MT|Win32
		{7861F6F8-175E-474E-8B38-82F47FF4A377}.Debug|Win32.ActiveCfg = Debug|Win32
		{7861F6F8-175E-474E-8B38-82F47FF4A377}.Debug|Win32.Build.0 = Debug|Win32
		{7861F6F8-175E-474E-8B38-82F47FF4A377}.Release Corba|Win32.ActiveCfg = Release MT|Win32
		{7861F6F8-175E-474E-8B38-82F47FF4A377}.Release Corba|Win32.Build.0 = Release MT|Win32
		{7861F6F8-175E-474E-8B38-82F47FF4A377}.Release MT|Win32.ActiveCfg = Release MT|Win32
		{7861F6F8-175E-474E-8B38-82F47FF4A377}.Release MT|Win32.Build.0 = Release MT|Win32
		{7861F6F8-175E-474E-8B38-82F47FF4A377}.Release|Win32.ActiveCfg = Release|Win32
		{7861F6F8-175E-474E-8B38-82F47FF4A377}.Release|Win32.Build.0 = Release|Win32
		{977EBFEC-18C7-4851-BFB0-C7D430A1E8AA}.Debug Corba|Win32.ActiveCfg = Debug|Win32
		{977EBFEC-18C7-4851-BFB0-C7D430A1E8AA}.Debug Corba|Win32.Build.0 = Debug|Win32
		{977EBFEC-18C7-4851-BFB0-C7D430A1E8AA}.Debug MT|Win32.ActiveCfg = Debug|Win32
		{977EBFEC-18C7-4851-BFB0-C7D430A1E8AA}.Debug MT|Win32.Build.0 = Debug|Win32
		{977EBFEC-18C7-4851-BFB0-C7D430A1E8AA}.Debug|Win32.ActiveCfg = Debug|Win32
		{977EBFEC-18C7-4851-BFB0-C7D430A1E8AA}.Debug|Win32.Build.0 = Debug|Win32
		{977EBFEC-18C7-4851-BFB0-C7D430A1E8AA}.Release Corba|Win32.ActiveCfg = Release|Win32
		{977EBFEC-18C7-4851-BFB0-C7D430A1E8AA}.Release Corba|Win32.Build.0 = Release|Win32
		{977EBFEC-18C7-4851-BFB0-C7D430A1E8AA}.Release MT|Win32.ActiveCfg = Release|Win32
		{977EBFEC-18C7-4851-BFB0-C7D430A1E8AA}.Release MT|Win32.Build.0 = Release|Win32
		{977EBFEC-18C7-4851-BFB0-C7D430A1E8AA}.Release|Win32.ActiveCfg = Release|Win32
		{977EBFEC-18C7-4851-BFB0-C7D430A1E8AA}.Release|Win32.Build.0 = Release|Win32
	EndGlobalSection
	GlobalSection(SolutionProperties) = preSolution
		HideSolutionNode = FALSE
	EndGlobalSection
	GlobalSection(NestedProjects) = preSolution
		{7C11F0F2-A105-404C-9611-E484565A5632} = {B8EE4A04-6039-4A64-B73C-BB6694867CDB}
		{CA16C40B-B417-4DDC-B4BF-3B67501BA9DE} = {B8EE4A04-6039-4A64-B73C-BB6694867CDB}
		{EC7A6113-6E26-478D-98B7-405A99AD6FEA} = {B8EE4A04-6039-4A64-B73C-BB6694867CDB}
		{9DFEF469-50D9-406D-A45B-C4A80612A530} = {B8EE4A04-6039-4A64-B73C-BB6694867CDB}
		{7FDB2504-B35B-4698-88A5-55B7112E01F4} = {7C11F0F2-A105-404C-9611-E484565A5632}
		{14EF6EFF-2AAE-4E22-8293-8B2FEABA688F} = {7C11F0F2-A105-404C-9611-E484565A5632}
		{977EBFEC-18C7-4851-BFB0-C7D430A1E8AA} = {7C11F0F2-A105-404C-9611-E484565A5632}
		{C34EF28F-1D66-4CEE-B435-7C420DAF0AD3} = {CA16C40B-B417-4DDC-B4BF-3B67501BA9DE}
		{048B01A3-8722-476D-AF0C-DF56EA18E57B} = {DE3AEFE9-02E1-4571-A980-43707A4BE1AB}
		{FF8088D9-472E-4480-901D-009B51311853} = {272CB38E-8F7F-4443-A6D0-35E5E4E1D5DA}
		{AC7C7972-A31D-4CDE-99E5-B56A19AB6457} = {93A78726-EE5D-46FD-B628-523E1F4E09C9}
		{7861F6F8-175E-474E-8B38-82F47FF4A377} = {93A78726-EE5D-46FD-B628-523E1F4E09C9}
		{614C13B6-EBB9-47F5-AABB-4439DA20E796} = {EC7A6113-6E26-478D-98B7-405A99AD6FEA}
		{5810CF5F-91F9-4CEA-9355-1BF51A22CC1D} = {217960B7-38FB-4E51-9732-71A0C56B81C6}
		{0AAC792C-5016-4DFC-89BF-F98D70E5F396} = {217960B7-38FB-4E51-9732-71A0C56B81C6}
		{7E6FF9CE-DDC6-43B2-A981-DE3555905A10} = {217960B7-38FB-4E51-9732-71A0C56B81C6}
		{7ECBB553-A3BC-426A-B472-66C7947C39A8} = {217960B7-38FB-4E51-9732-71A0C56B81C6}
		{B24B66FC-B6FB-4051-AB29-93AF90570C26} = {217960B7-38FB-4E51-9732-71A0C56B81C6}
		{6A0AC201-55B9-4861-8339-5AD42572B2FC} = {217960B7-38FB-4E51-9732-71A0C56B81C6}
		{9ECFE882-0486-4248-9A76-7F44E9732861} = {5810CF5F-91F9-4CEA-9355-1BF51A22CC1D}
		{7B495AD2-D239-48CB-B034-BEBBC964E947} = {5810CF5F-91F9-4CEA-9355-1BF51A22CC1D}
		{1D677AC9-AC3E-4027-9163-A621E5341A51} = {5810CF5F-91F9-4CEA-9355-1BF51A22CC1D}
		{083D1F44-0D2E-422B-966D-0AEC03F89807} = {5810CF5F-91F9-4CEA-9355-1BF51A22CC1D}
		{2B5E6C99-0AC7-4736-8647-E69E9327A8E0} = {9ECFE882-0486-4248-9A76-7F44E9732861}
		{37214C3A-5EA5-4CE1-B843-ABF4399CFC51} = {0AAC792C-5016-4DFC-89BF-F98D70E5F396}
		{1FACE2E3-B02E-45E1-9A93-56FD00508301} = {0AAC792C-5016-4DFC-89BF-F98D70E5F396}
		{07426CDA-CE5C-4545-9C50-FF25E80CDF96} = {7E6FF9CE-DDC6-43B2-A981-DE3555905A10}
		{201000FF-16EB-4410-A653-8DF3009CF71C} = {9DFEF469-50D9-406D-A45B-C4A80612A530}
		{6279A1CE-BFD8-497F-B4AD-F0DCADC9C0B6} = {6A38031A-ACEE-48A6-98DD-AF162E639031}
		{E3E1B8AA-D06A-4999-923A-A4D7BB2AAD62} = {7ECBB553-A3BC-426A-B472-66C7947C39A8}
		{9EEDD880-5EA7-40E5-B065-DA72B19892F4} = {7ECBB553-A3BC-426A-B472-66C7947C39A8}
		{6EA136E5-E2E9-45C3-AF41-93EB339894BE} = {7ECBB553-A3BC-426A-B472-66C7947C39A8}
		{1C949A7B-8C06-4A86-A833-C1052DD93810} = {7ECBB553-A3BC-426A-B472-66C7947C39A8}
	EndGlobalSection
EndGlobal
