
Microsoft Visual Studio Solution File, Format Version 9.00
# Visual Studio 2005
Project("{8BC9CEB8-8B4A-11D0-8D11-00A0C91BC942}") = "rdo_common", "rdo_common\rdo_common.vcproj", "{AC7C7972-A31D-4CDE-99E5-B56A19AB6457}"
EndProject
Project("{8BC9CEB8-8B4A-11D0-8D11-00A0C91BC942}") = "rdo_ctrls", "rdo_ctrls\rdo_ctrls.vcproj", "{07426CDA-CE5C-4545-9C50-FF25E80CDF96}"
EndProject
Project("{8BC9CEB8-8B4A-11D0-8D11-00A0C91BC942}") = "rdo_repository", "rdo_repository\rdo_repository.vcproj", "{FF8088D9-472E-4480-901D-009B51311853}"
	ProjectSection(ProjectDependencies) = postProject
		{048B01A3-8722-476D-AF0C-DF56EA18E57B} = {048B01A3-8722-476D-AF0C-DF56EA18E57B}
	EndProjectSection
EndProject
Project("{8BC9CEB8-8B4A-11D0-8D11-00A0C91BC942}") = "rdo_kernel", "rdo_kernel\rdo_kernel.vcproj", "{048B01A3-8722-476D-AF0C-DF56EA18E57B}"
	ProjectSection(ProjectDependencies) = postProject
		{AC7C7972-A31D-4CDE-99E5-B56A19AB6457} = {AC7C7972-A31D-4CDE-99E5-B56A19AB6457}
	EndProjectSection
EndProject
Project("{8BC9CEB8-8B4A-11D0-8D11-00A0C91BC942}") = "rdo_runtime", "rdo_lib\rdo_runtime\rdo_runtime.vcproj", "{C34EF28F-1D66-4CEE-B435-7C420DAF0AD3}"
	ProjectSection(ProjectDependencies) = postProject
		{AC7C7972-A31D-4CDE-99E5-B56A19AB6457} = {AC7C7972-A31D-4CDE-99E5-B56A19AB6457}
	EndProjectSection
EndProject
Project("{8BC9CEB8-8B4A-11D0-8D11-00A0C91BC942}") = "rdo_parser", "rdo_lib\rdo_parser\rdo_parser.vcproj", "{7FDB2504-B35B-4698-88A5-55B7112E01F4}"
	ProjectSection(ProjectDependencies) = postProject
		{C34EF28F-1D66-4CEE-B435-7C420DAF0AD3} = {C34EF28F-1D66-4CEE-B435-7C420DAF0AD3}
		{AC7C7972-A31D-4CDE-99E5-B56A19AB6457} = {AC7C7972-A31D-4CDE-99E5-B56A19AB6457}
	EndProjectSection
EndProject
Project("{2150E333-8FDC-42A3-9474-1A3956D46DE8}") = "1. simulator", "1. simulator", "{B8EE4A04-6039-4A64-B73C-BB6694867CDB}"
EndProject
Project("{2150E333-8FDC-42A3-9474-1A3956D46DE8}") = ".parser", ".parser", "{7C11F0F2-A105-404C-9611-E484565A5632}"
EndProject
Project("{2150E333-8FDC-42A3-9474-1A3956D46DE8}") = ".runtime", ".runtime", "{CA16C40B-B417-4DDC-B4BF-3B67501BA9DE}"
EndProject
Project("{2150E333-8FDC-42A3-9474-1A3956D46DE8}") = "3. kernel", "3. kernel", "{DE3AEFE9-02E1-4571-A980-43707A4BE1AB}"
EndProject
Project("{2150E333-8FDC-42A3-9474-1A3956D46DE8}") = "2. repository", "2. repository", "{272CB38E-8F7F-4443-A6D0-35E5E4E1D5DA}"
EndProject
Project("{8BC9CEB8-8B4A-11D0-8D11-00A0C91BC942}") = "rdo_mbuilder", "rdo_lib\rdo_mbuilder\rdo_mbuilder.vcproj", "{14EF6EFF-2AAE-4E22-8293-8B2FEABA688F}"
	ProjectSection(ProjectDependencies) = postProject
		{AC7C7972-A31D-4CDE-99E5-B56A19AB6457} = {AC7C7972-A31D-4CDE-99E5-B56A19AB6457}
		{7FDB2504-B35B-4698-88A5-55B7112E01F4} = {7FDB2504-B35B-4698-88A5-55B7112E01F4}
	EndProjectSection
EndProject
Project("{2150E333-8FDC-42A3-9474-1A3956D46DE8}") = "4. common", "4. common", "{93A78726-EE5D-46FD-B628-523E1F4E09C9}"
EndProject
Project("{2150E333-8FDC-42A3-9474-1A3956D46DE8}") = ".simulator", ".simulator", "{EC7A6113-6E26-478D-98B7-405A99AD6FEA}"
EndProject
Project("{8BC9CEB8-8B4A-11D0-8D11-00A0C91BC942}") = "rdo_simulator", "rdo_lib\rdo_simulator\rdo_simulator.vcproj", "{614C13B6-EBB9-47F5-AABB-4439DA20E796}"
	ProjectSection(ProjectDependencies) = postProject
		{14EF6EFF-2AAE-4E22-8293-8B2FEABA688F} = {14EF6EFF-2AAE-4E22-8293-8B2FEABA688F}
		{C34EF28F-1D66-4CEE-B435-7C420DAF0AD3} = {C34EF28F-1D66-4CEE-B435-7C420DAF0AD3}
		{7FDB2504-B35B-4698-88A5-55B7112E01F4} = {7FDB2504-B35B-4698-88A5-55B7112E01F4}
	EndProjectSection
EndProject
Project("{2150E333-8FDC-42A3-9474-1A3956D46DE8}") = ".resources (not for compiler)", ".resources (not for compiler)", "{555B764D-8A17-4638-9F75-EF1247631F0C}"
EndProject
Project("{2150E333-8FDC-42A3-9474-1A3956D46DE8}") = ".help", ".help", "{5810CF5F-91F9-4CEA-9355-1BF51A22CC1D}"
EndProject
Project("{8BC9CEB8-8B4A-11D0-8D11-00A0C91BC942}") = "rdo_help_lang_rus", "rdo_help\rdo_lang_rus\rdo_lang_rus.vcproj", "{7B495AD2-D239-48CB-B034-BEBBC964E947}"
EndProject
Project("{8BC9CEB8-8B4A-11D0-8D11-00A0C91BC942}") = "rdo_help_lang_eng", "rdo_help\rdo_lang_eng\rdo_lang_eng.vcproj", "{1D677AC9-AC3E-4027-9163-A621E5341A51}"
EndProject
Project("{8BC9CEB8-8B4A-11D0-8D11-00A0C91BC942}") = "rdo_help_studio_rus", "rdo_help\rdo_studio_rus\rdo_studio_rus.vcproj", "{083D1F44-0D2E-422B-966D-0AEC03F89807}"
EndProject
Project("{2150E333-8FDC-42A3-9474-1A3956D46DE8}") = ".resources (not for compiler)", ".resources (not for compiler)", "{9ECFE882-0486-4248-9A76-7F44E9732861}"
	ProjectSection(SolutionItems) = preProject
		rdo_help\rdo_user_guide\RAO-studio User Guide.doc = rdo_help\rdo_user_guide\RAO-studio User Guide.doc
		rdo_help\rdodoc-src-html.doxyfile = rdo_help\rdodoc-src-html.doxyfile
	EndProjectSection
EndProject
Project("{2150E333-8FDC-42A3-9474-1A3956D46DE8}") = "errors", "errors", "{72D40C43-2E0D-4E99-9324-49A8F41E307D}"
	ProjectSection(SolutionItems) = preProject
		errors\1.10 - heidel.zip = errors\1.10 - heidel.zip
		errors\1.13 - fms.zip = errors\1.13 - fms.zip
		errors\1.13 - tetris.zip = errors\1.13 - tetris.zip
		errors\1.14 - lota.zip = errors\1.14 - lota.zip
		errors\1.15 - logcut.zip = errors\1.15 - logcut.zip
		errors\1.16, 1.17, 1.18 - chokolad.zip = errors\1.16, 1.17, 1.18 - chokolad.zip
		errors\1.18, 1.26 - postoffice.zip = errors\1.18, 1.26 - postoffice.zip
		errors\1.21 - avt_l.zip = errors\1.21 - avt_l.zip
		errors\1.22 - barber.zip = errors\1.22 - barber.zip
		errors\1.25, 1.26, 1.72 - temp_trace.zip = errors\1.25, 1.26, 1.72 - temp_trace.zip
		errors\1.27 - empty_frame.zip = errors\1.27 - empty_frame.zip
		errors\1.28, 1.29 - constant.zip = errors\1.28, 1.29 - constant.zip
		errors\1.31 - rob2_wd.zip = errors\1.31 - rob2_wd.zip
		errors\1.33 - invest3.zip = errors\1.33 - invest3.zip
		errors\1.34 - rel_res.zip = errors\1.34 - rel_res.zip
		errors\1.35, 1.36 - barder_trace.zip = errors\1.35, 1.36 - barder_trace.zip
		errors\1.37, 1.38 - trace_end.zip = errors\1.37, 1.38 - trace_end.zip
		errors\1.39, 1.40 - plata.zip = errors\1.39, 1.40 - plata.zip
		errors\1.41 - real_integer.zip = errors\1.41 - real_integer.zip
		errors\1.42 - param_init.zip = errors\1.42 - param_init.zip
		errors\1.43 - smr_double.zip = errors\1.43 - smr_double.zip
		errors\1.46 - first.zip = errors\1.46 - first.zip
		errors\1.47 - dont used relres.zip = errors\1.47 - dont used relres.zip
		errors\1.48 - choice from.zip = errors\1.48 - choice from.zip
		errors\1.49 - comments.zip = errors\1.49 - comments.zip
		errors\1.5, 1.26, 1.87 - credit.zip = errors\1.5, 1.26, 1.87 - credit.zip
		errors\1.50 - dpt exception.zip = errors\1.50 - dpt exception.zip
		errors\1.51 - dpt_search.zip = errors\1.51 - dpt_search.zip
		errors\1.515 - ipbs.zip = errors\1.515 - ipbs.zip
		errors\1.516 - rob2_wd.zip = errors\1.516 - rob2_wd.zip
		errors\1.52 - relresline.zip = errors\1.52 - relresline.zip
		errors\1.53, 1.54 - fly.zip = errors\1.53, 1.54 - fly.zip
		errors\1.58 - int.zip = errors\1.58 - int.zip
		errors\1.6 - diplol_r.zip = errors\1.6 - diplol_r.zip
		errors\1.64 - sporthall.zip = errors\1.64 - sporthall.zip
		errors\1.65 - coffee.zip = errors\1.65 - coffee.zip
		errors\1.66 - tetris.zip = errors\1.66 - tetris.zip
		errors\1.69 - ie_result.zip = errors\1.69 - ie_result.zip
		errors\1.73 - seq-round.zip = errors\1.73 - seq-round.zip
		errors\1.74, 1.75 - seq-range.zip = errors\1.74, 1.75 - seq-range.zip
		errors\1.76 - maccash.zip = errors\1.76 - maccash.zip
		errors\1.77, 1.78, 1.79 - ipbs.zip = errors\1.77, 1.78, 1.79 - ipbs.zip
		errors\1.83 - trace nochange.zip = errors\1.83 - trace nochange.zip
		errors\1.84 - tmp_res_dbl_erase.zip = errors\1.84 - tmp_res_dbl_erase.zip
		errors\1.85 - support.zip = errors\1.85 - support.zip
		errors\1.93 - game5.zip = errors\1.93 - game5.zip
		errors\example.zip = errors\example.zip
		errors\mymodel-dpt.rar = errors\mymodel-dpt.rar
		errors\seq_compare.rar = errors\seq_compare.rar
	EndProjectSection
EndProject
Project("{2150E333-8FDC-42A3-9474-1A3956D46DE8}") = "rdo_designmaket", "rdo_designmaket", "{D4935CC8-8C04-4035-8429-77713E85BEB9}"
	ProjectSection(SolutionItems) = preProject
		rdo_designmaket\RAO-studio_black.ai = rdo_designmaket\RAO-studio_black.ai
		rdo_designmaket\RAO-studio_white.ai = rdo_designmaket\RAO-studio_white.ai
	EndProjectSection
EndProject
Project("{2150E333-8FDC-42A3-9474-1A3956D46DE8}") = "help_tools", "help_tools", "{2B5E6C99-0AC7-4736-8647-E69E9327A8E0}"
	ProjectSection(SolutionItems) = preProject
		rdo_help\help_tools\HHA.DLL = rdo_help\help_tools\HHA.DLL
		rdo_help\help_tools\hhc.bat = rdo_help\help_tools\hhc.bat
		rdo_help\help_tools\HHC.EXE = rdo_help\help_tools\HHC.EXE
	EndProjectSection
EndProject
Project("{2150E333-8FDC-42A3-9474-1A3956D46DE8}") = ".plugnis", ".plugnis", "{0AAC792C-5016-4DFC-89BF-F98D70E5F396}"
EndProject
Project("{8BC9CEB8-8B4A-11D0-8D11-00A0C91BC942}") = "rdo_plugin", "rdo_plugin\rdo_plugin.vcproj", "{1FACE2E3-B02E-45E1-9A93-56FD00508301}"
EndProject
Project("{8BC9CEB8-8B4A-11D0-8D11-00A0C91BC942}") = "rdo_plugin_mfc", "rdo_plugin_mfc\rdo_plugin_mfc.vcproj", "{37214C3A-5EA5-4CE1-B843-ABF4399CFC51}"
	ProjectSection(ProjectDependencies) = postProject
		{1FACE2E3-B02E-45E1-9A93-56FD00508301} = {1FACE2E3-B02E-45E1-9A93-56FD00508301}
	EndProjectSection
EndProject
Project("{8BC9CEB8-8B4A-11D0-8D11-00A0C91BC942}") = "rdo_studio", "rdo_studio\rdo_studio.vcproj", "{B24B66FC-B6FB-4051-AB29-93AF90570C26}"
	ProjectSection(ProjectDependencies) = postProject
		{07426CDA-CE5C-4545-9C50-FF25E80CDF96} = {07426CDA-CE5C-4545-9C50-FF25E80CDF96}
		{1FACE2E3-B02E-45E1-9A93-56FD00508301} = {1FACE2E3-B02E-45E1-9A93-56FD00508301}
		{07426CDA-CE5C-4545-9C50-FF25E80CDF96} = {07426CDA-CE5C-4545-9C50-FF25E80CDF96}
		{FF8088D9-472E-4480-901D-009B51311853} = {FF8088D9-472E-4480-901D-009B51311853}
		{614C13B6-EBB9-47F5-AABB-4439DA20E796} = {614C13B6-EBB9-47F5-AABB-4439DA20E796}
		{048B01A3-8722-476D-AF0C-DF56EA18E57B} = {048B01A3-8722-476D-AF0C-DF56EA18E57B}
		{37214C3A-5EA5-4CE1-B843-ABF4399CFC51} = {37214C3A-5EA5-4CE1-B843-ABF4399CFC51}
		{201000FF-16EB-4410-A653-8DF3009CF71C} = {201000FF-16EB-4410-A653-8DF3009CF71C}
		{1FACE2E3-B02E-45E1-9A93-56FD00508301} = {1FACE2E3-B02E-45E1-9A93-56FD00508301}
	EndProjectSection
EndProject
Project("{2150E333-8FDC-42A3-9474-1A3956D46DE8}") = "5. studio", "5. studio", "{217960B7-38FB-4E51-9732-71A0C56B81C6}"
EndProject
Project("{2150E333-8FDC-42A3-9474-1A3956D46DE8}") = ".common", ".common", "{7E6FF9CE-DDC6-43B2-A981-DE3555905A10}"
EndProject
Project("{2150E333-8FDC-42A3-9474-1A3956D46DE8}") = ".corba", ".corba", "{9DFEF469-50D9-406D-A45B-C4A80612A530}"
EndProject
Project("{8BC9CEB8-8B4A-11D0-8D11-00A0C91BC942}") = "rdo_corba", "rdo_lib\rdo_corba\rdo_corba.vcproj", "{201000FF-16EB-4410-A653-8DF3009CF71C}"
EndProject
Global
	GlobalSection(SolutionConfigurationPlatforms) = preSolution
		Debug Corba|Win32 = Debug Corba|Win32
		Debug|Win32 = Debug|Win32
		Release Corba|Win32 = Release Corba|Win32
		Release|Win32 = Release|Win32
	EndGlobalSection
	GlobalSection(ProjectConfigurationPlatforms) = postSolution
		{AC7C7972-A31D-4CDE-99E5-B56A19AB6457}.Debug Corba|Win32.ActiveCfg = Debug Corba|Win32
		{AC7C7972-A31D-4CDE-99E5-B56A19AB6457}.Debug Corba|Win32.Build.0 = Debug Corba|Win32
		{AC7C7972-A31D-4CDE-99E5-B56A19AB6457}.Debug|Win32.ActiveCfg = Debug|Win32
		{AC7C7972-A31D-4CDE-99E5-B56A19AB6457}.Debug|Win32.Build.0 = Debug|Win32
		{AC7C7972-A31D-4CDE-99E5-B56A19AB6457}.Release Corba|Win32.ActiveCfg = Release Corba|Win32
		{AC7C7972-A31D-4CDE-99E5-B56A19AB6457}.Release Corba|Win32.Build.0 = Release Corba|Win32
		{AC7C7972-A31D-4CDE-99E5-B56A19AB6457}.Release|Win32.ActiveCfg = Release|Win32
		{AC7C7972-A31D-4CDE-99E5-B56A19AB6457}.Release|Win32.Build.0 = Release|Win32
		{07426CDA-CE5C-4545-9C50-FF25E80CDF96}.Debug Corba|Win32.ActiveCfg = Debug Corba|Win32
		{07426CDA-CE5C-4545-9C50-FF25E80CDF96}.Debug Corba|Win32.Build.0 = Debug Corba|Win32
		{07426CDA-CE5C-4545-9C50-FF25E80CDF96}.Debug|Win32.ActiveCfg = Debug|Win32
		{07426CDA-CE5C-4545-9C50-FF25E80CDF96}.Debug|Win32.Build.0 = Debug|Win32
		{07426CDA-CE5C-4545-9C50-FF25E80CDF96}.Release Corba|Win32.ActiveCfg = Release Corba|Win32
		{07426CDA-CE5C-4545-9C50-FF25E80CDF96}.Release Corba|Win32.Build.0 = Release Corba|Win32
		{07426CDA-CE5C-4545-9C50-FF25E80CDF96}.Release|Win32.ActiveCfg = Release|Win32
		{07426CDA-CE5C-4545-9C50-FF25E80CDF96}.Release|Win32.Build.0 = Release|Win32
		{FF8088D9-472E-4480-901D-009B51311853}.Debug Corba|Win32.ActiveCfg = Debug Corba|Win32
		{FF8088D9-472E-4480-901D-009B51311853}.Debug Corba|Win32.Build.0 = Debug Corba|Win32
		{FF8088D9-472E-4480-901D-009B51311853}.Debug|Win32.ActiveCfg = Debug|Win32
		{FF8088D9-472E-4480-901D-009B51311853}.Debug|Win32.Build.0 = Debug|Win32
		{FF8088D9-472E-4480-901D-009B51311853}.Release Corba|Win32.ActiveCfg = Release Corba|Win32
		{FF8088D9-472E-4480-901D-009B51311853}.Release Corba|Win32.Build.0 = Release Corba|Win32
		{FF8088D9-472E-4480-901D-009B51311853}.Release|Win32.ActiveCfg = Release|Win32
		{FF8088D9-472E-4480-901D-009B51311853}.Release|Win32.Build.0 = Release|Win32
		{048B01A3-8722-476D-AF0C-DF56EA18E57B}.Debug Corba|Win32.ActiveCfg = Debug Corba|Win32
		{048B01A3-8722-476D-AF0C-DF56EA18E57B}.Debug Corba|Win32.Build.0 = Debug Corba|Win32
		{048B01A3-8722-476D-AF0C-DF56EA18E57B}.Debug|Win32.ActiveCfg = Debug|Win32
		{048B01A3-8722-476D-AF0C-DF56EA18E57B}.Debug|Win32.Build.0 = Debug|Win32
		{048B01A3-8722-476D-AF0C-DF56EA18E57B}.Release Corba|Win32.ActiveCfg = Release Corba|Win32
		{048B01A3-8722-476D-AF0C-DF56EA18E57B}.Release Corba|Win32.Build.0 = Release Corba|Win32
		{048B01A3-8722-476D-AF0C-DF56EA18E57B}.Release|Win32.ActiveCfg = Release|Win32
		{048B01A3-8722-476D-AF0C-DF56EA18E57B}.Release|Win32.Build.0 = Release|Win32
		{C34EF28F-1D66-4CEE-B435-7C420DAF0AD3}.Debug Corba|Win32.ActiveCfg = Debug Corba|Win32
		{C34EF28F-1D66-4CEE-B435-7C420DAF0AD3}.Debug Corba|Win32.Build.0 = Debug Corba|Win32
		{C34EF28F-1D66-4CEE-B435-7C420DAF0AD3}.Debug|Win32.ActiveCfg = Debug|Win32
		{C34EF28F-1D66-4CEE-B435-7C420DAF0AD3}.Debug|Win32.Build.0 = Debug|Win32
		{C34EF28F-1D66-4CEE-B435-7C420DAF0AD3}.Release Corba|Win32.ActiveCfg = Release Corba|Win32
		{C34EF28F-1D66-4CEE-B435-7C420DAF0AD3}.Release Corba|Win32.Build.0 = Release Corba|Win32
		{C34EF28F-1D66-4CEE-B435-7C420DAF0AD3}.Release|Win32.ActiveCfg = Release|Win32
		{C34EF28F-1D66-4CEE-B435-7C420DAF0AD3}.Release|Win32.Build.0 = Release|Win32
		{7FDB2504-B35B-4698-88A5-55B7112E01F4}.Debug Corba|Win32.ActiveCfg = Debug Corba|Win32
		{7FDB2504-B35B-4698-88A5-55B7112E01F4}.Debug Corba|Win32.Build.0 = Debug Corba|Win32
		{7FDB2504-B35B-4698-88A5-55B7112E01F4}.Debug|Win32.ActiveCfg = Debug|Win32
		{7FDB2504-B35B-4698-88A5-55B7112E01F4}.Debug|Win32.Build.0 = Debug|Win32
		{7FDB2504-B35B-4698-88A5-55B7112E01F4}.Release Corba|Win32.ActiveCfg = Release Corba|Win32
		{7FDB2504-B35B-4698-88A5-55B7112E01F4}.Release Corba|Win32.Build.0 = Release Corba|Win32
		{7FDB2504-B35B-4698-88A5-55B7112E01F4}.Release|Win32.ActiveCfg = Release|Win32
		{7FDB2504-B35B-4698-88A5-55B7112E01F4}.Release|Win32.Build.0 = Release|Win32
		{14EF6EFF-2AAE-4E22-8293-8B2FEABA688F}.Debug Corba|Win32.ActiveCfg = Debug Corba|Win32
		{14EF6EFF-2AAE-4E22-8293-8B2FEABA688F}.Debug Corba|Win32.Build.0 = Debug Corba|Win32
		{14EF6EFF-2AAE-4E22-8293-8B2FEABA688F}.Debug|Win32.ActiveCfg = Debug|Win32
		{14EF6EFF-2AAE-4E22-8293-8B2FEABA688F}.Debug|Win32.Build.0 = Debug|Win32
		{14EF6EFF-2AAE-4E22-8293-8B2FEABA688F}.Release Corba|Win32.ActiveCfg = Release Corba|Win32
		{14EF6EFF-2AAE-4E22-8293-8B2FEABA688F}.Release Corba|Win32.Build.0 = Release Corba|Win32
		{14EF6EFF-2AAE-4E22-8293-8B2FEABA688F}.Release|Win32.ActiveCfg = Release|Win32
		{14EF6EFF-2AAE-4E22-8293-8B2FEABA688F}.Release|Win32.Build.0 = Release|Win32
		{614C13B6-EBB9-47F5-AABB-4439DA20E796}.Debug Corba|Win32.ActiveCfg = Debug Corba|Win32
		{614C13B6-EBB9-47F5-AABB-4439DA20E796}.Debug Corba|Win32.Build.0 = Debug Corba|Win32
		{614C13B6-EBB9-47F5-AABB-4439DA20E796}.Debug|Win32.ActiveCfg = Debug|Win32
		{614C13B6-EBB9-47F5-AABB-4439DA20E796}.Debug|Win32.Build.0 = Debug|Win32
		{614C13B6-EBB9-47F5-AABB-4439DA20E796}.Release Corba|Win32.ActiveCfg = Release Corba|Win32
		{614C13B6-EBB9-47F5-AABB-4439DA20E796}.Release Corba|Win32.Build.0 = Release Corba|Win32
		{614C13B6-EBB9-47F5-AABB-4439DA20E796}.Release|Win32.ActiveCfg = Release|Win32
		{614C13B6-EBB9-47F5-AABB-4439DA20E796}.Release|Win32.Build.0 = Release|Win32
		{7B495AD2-D239-48CB-B034-BEBBC964E947}.Debug Corba|Win32.ActiveCfg = Release|Win32
		{7B495AD2-D239-48CB-B034-BEBBC964E947}.Debug|Win32.ActiveCfg = Release|Win32
		{7B495AD2-D239-48CB-B034-BEBBC964E947}.Release Corba|Win32.ActiveCfg = Release|Win32
		{7B495AD2-D239-48CB-B034-BEBBC964E947}.Release|Win32.ActiveCfg = Release|Win32
		{7B495AD2-D239-48CB-B034-BEBBC964E947}.Release|Win32.Build.0 = Release|Win32
		{1D677AC9-AC3E-4027-9163-A621E5341A51}.Debug Corba|Win32.ActiveCfg = Release|Win32
		{1D677AC9-AC3E-4027-9163-A621E5341A51}.Debug|Win32.ActiveCfg = Release|Win32
		{1D677AC9-AC3E-4027-9163-A621E5341A51}.Release Corba|Win32.ActiveCfg = Release|Win32
		{1D677AC9-AC3E-4027-9163-A621E5341A51}.Release|Win32.ActiveCfg = Release|Win32
		{083D1F44-0D2E-422B-966D-0AEC03F89807}.Debug Corba|Win32.ActiveCfg = Release|Win32
		{083D1F44-0D2E-422B-966D-0AEC03F89807}.Debug|Win32.ActiveCfg = Release|Win32
		{083D1F44-0D2E-422B-966D-0AEC03F89807}.Release Corba|Win32.ActiveCfg = Release|Win32
		{083D1F44-0D2E-422B-966D-0AEC03F89807}.Release|Win32.ActiveCfg = Release|Win32
		{083D1F44-0D2E-422B-966D-0AEC03F89807}.Release|Win32.Build.0 = Release|Win32
		{1FACE2E3-B02E-45E1-9A93-56FD00508301}.Debug Corba|Win32.ActiveCfg = Debug Corba|Win32
		{1FACE2E3-B02E-45E1-9A93-56FD00508301}.Debug Corba|Win32.Build.0 = Debug Corba|Win32
		{1FACE2E3-B02E-45E1-9A93-56FD00508301}.Debug|Win32.ActiveCfg = Debug|Win32
		{1FACE2E3-B02E-45E1-9A93-56FD00508301}.Debug|Win32.Build.0 = Debug|Win32
		{1FACE2E3-B02E-45E1-9A93-56FD00508301}.Release Corba|Win32.ActiveCfg = Release Corba|Win32
		{1FACE2E3-B02E-45E1-9A93-56FD00508301}.Release Corba|Win32.Build.0 = Release Corba|Win32
		{1FACE2E3-B02E-45E1-9A93-56FD00508301}.Release|Win32.ActiveCfg = Release|Win32
		{1FACE2E3-B02E-45E1-9A93-56FD00508301}.Release|Win32.Build.0 = Release|Win32
		{37214C3A-5EA5-4CE1-B843-ABF4399CFC51}.Debug Corba|Win32.ActiveCfg = Debug Corba|Win32
		{37214C3A-5EA5-4CE1-B843-ABF4399CFC51}.Debug Corba|Win32.Build.0 = Debug Corba|Win32
		{37214C3A-5EA5-4CE1-B843-ABF4399CFC51}.Debug|Win32.ActiveCfg = Debug|Win32
		{37214C3A-5EA5-4CE1-B843-ABF4399CFC51}.Debug|Win32.Build.0 = Debug|Win32
		{37214C3A-5EA5-4CE1-B843-ABF4399CFC51}.Release Corba|Win32.ActiveCfg = Release Corba|Win32
		{37214C3A-5EA5-4CE1-B843-ABF4399CFC51}.Release Corba|Win32.Build.0 = Release Corba|Win32
		{37214C3A-5EA5-4CE1-B843-ABF4399CFC51}.Release|Win32.ActiveCfg = Release|Win32
		{37214C3A-5EA5-4CE1-B843-ABF4399CFC51}.Release|Win32.Build.0 = Release|Win32
		{B24B66FC-B6FB-4051-AB29-93AF90570C26}.Debug Corba|Win32.ActiveCfg = Debug Corba|Win32
		{B24B66FC-B6FB-4051-AB29-93AF90570C26}.Debug Corba|Win32.Build.0 = Debug Corba|Win32
		{B24B66FC-B6FB-4051-AB29-93AF90570C26}.Debug|Win32.ActiveCfg = Debug|Win32
		{B24B66FC-B6FB-4051-AB29-93AF90570C26}.Debug|Win32.Build.0 = Debug|Win32
		{B24B66FC-B6FB-4051-AB29-93AF90570C26}.Release Corba|Win32.ActiveCfg = Release Corba|Win32
		{B24B66FC-B6FB-4051-AB29-93AF90570C26}.Release Corba|Win32.Build.0 = Release Corba|Win32
		{B24B66FC-B6FB-4051-AB29-93AF90570C26}.Release|Win32.ActiveCfg = Release|Win32
		{B24B66FC-B6FB-4051-AB29-93AF90570C26}.Release|Win32.Build.0 = Release|Win32
		{201000FF-16EB-4410-A653-8DF3009CF71C}.Debug Corba|Win32.ActiveCfg = Debug Corba|Win32
		{201000FF-16EB-4410-A653-8DF3009CF71C}.Debug Corba|Win32.Build.0 = Debug Corba|Win32
		{201000FF-16EB-4410-A653-8DF3009CF71C}.Debug|Win32.ActiveCfg = Debug Corba|Win32
		{201000FF-16EB-4410-A653-8DF3009CF71C}.Debug|Win32.Build.0 = Debug Corba|Win32
		{201000FF-16EB-4410-A653-8DF3009CF71C}.Release Corba|Win32.ActiveCfg = Release Corba|Win32
		{201000FF-16EB-4410-A653-8DF3009CF71C}.Release Corba|Win32.Build.0 = Release Corba|Win32
		{201000FF-16EB-4410-A653-8DF3009CF71C}.Release|Win32.ActiveCfg = Release Corba|Win32
		{201000FF-16EB-4410-A653-8DF3009CF71C}.Release|Win32.Build.0 = Release Corba|Win32
	EndGlobalSection
	GlobalSection(SolutionProperties) = preSolution
		HideSolutionNode = FALSE
	EndGlobalSection
	GlobalSection(NestedProjects) = preSolution
		{AC7C7972-A31D-4CDE-99E5-B56A19AB6457} = {93A78726-EE5D-46FD-B628-523E1F4E09C9}
		{7E6FF9CE-DDC6-43B2-A981-DE3555905A10} = {217960B7-38FB-4E51-9732-71A0C56B81C6}
		{5810CF5F-91F9-4CEA-9355-1BF51A22CC1D} = {217960B7-38FB-4E51-9732-71A0C56B81C6}
		{0AAC792C-5016-4DFC-89BF-F98D70E5F396} = {217960B7-38FB-4E51-9732-71A0C56B81C6}
		{B24B66FC-B6FB-4051-AB29-93AF90570C26} = {217960B7-38FB-4E51-9732-71A0C56B81C6}
		{FF8088D9-472E-4480-901D-009B51311853} = {272CB38E-8F7F-4443-A6D0-35E5E4E1D5DA}
		{048B01A3-8722-476D-AF0C-DF56EA18E57B} = {DE3AEFE9-02E1-4571-A980-43707A4BE1AB}
		{7C11F0F2-A105-404C-9611-E484565A5632} = {B8EE4A04-6039-4A64-B73C-BB6694867CDB}
		{CA16C40B-B417-4DDC-B4BF-3B67501BA9DE} = {B8EE4A04-6039-4A64-B73C-BB6694867CDB}
		{EC7A6113-6E26-478D-98B7-405A99AD6FEA} = {B8EE4A04-6039-4A64-B73C-BB6694867CDB}
		{9DFEF469-50D9-406D-A45B-C4A80612A530} = {B8EE4A04-6039-4A64-B73C-BB6694867CDB}
		{7FDB2504-B35B-4698-88A5-55B7112E01F4} = {7C11F0F2-A105-404C-9611-E484565A5632}
		{14EF6EFF-2AAE-4E22-8293-8B2FEABA688F} = {7C11F0F2-A105-404C-9611-E484565A5632}
		{C34EF28F-1D66-4CEE-B435-7C420DAF0AD3} = {CA16C40B-B417-4DDC-B4BF-3B67501BA9DE}
		{614C13B6-EBB9-47F5-AABB-4439DA20E796} = {EC7A6113-6E26-478D-98B7-405A99AD6FEA}
		{555B764D-8A17-4638-9F75-EF1247631F0C} = {7E6FF9CE-DDC6-43B2-A981-DE3555905A10}
		{07426CDA-CE5C-4545-9C50-FF25E80CDF96} = {7E6FF9CE-DDC6-43B2-A981-DE3555905A10}
		{7B495AD2-D239-48CB-B034-BEBBC964E947} = {5810CF5F-91F9-4CEA-9355-1BF51A22CC1D}
		{1D677AC9-AC3E-4027-9163-A621E5341A51} = {5810CF5F-91F9-4CEA-9355-1BF51A22CC1D}
		{083D1F44-0D2E-422B-966D-0AEC03F89807} = {5810CF5F-91F9-4CEA-9355-1BF51A22CC1D}
		{9ECFE882-0486-4248-9A76-7F44E9732861} = {5810CF5F-91F9-4CEA-9355-1BF51A22CC1D}
		{2B5E6C99-0AC7-4736-8647-E69E9327A8E0} = {9ECFE882-0486-4248-9A76-7F44E9732861}
		{D4935CC8-8C04-4035-8429-77713E85BEB9} = {555B764D-8A17-4638-9F75-EF1247631F0C}
		{72D40C43-2E0D-4E99-9324-49A8F41E307D} = {555B764D-8A17-4638-9F75-EF1247631F0C}
		{1FACE2E3-B02E-45E1-9A93-56FD00508301} = {0AAC792C-5016-4DFC-89BF-F98D70E5F396}
		{37214C3A-5EA5-4CE1-B843-ABF4399CFC51} = {0AAC792C-5016-4DFC-89BF-F98D70E5F396}
		{201000FF-16EB-4410-A653-8DF3009CF71C} = {9DFEF469-50D9-406D-A45B-C4A80612A530}
	EndGlobalSection
EndGlobal
