
Microsoft Visual Studio Solution File, Format Version 9.00
# Visual Studio 2005
Project("{8BC9CEB8-8B4A-11D0-8D11-00A0C91BC942}") = "rdo_process", "rdo_process.vcproj", "{8EBF2ACC-34C0-4BF4-BE3A-22FE2E70CA9D}"
	ProjectSection(ProjectDependencies) = postProject
		{6EA136E5-E2E9-45C3-AF41-93EB339894BE} = {6EA136E5-E2E9-45C3-AF41-93EB339894BE}
		{4EA82B91-2BCF-446F-A6CD-7AC19AB38748} = {4EA82B91-2BCF-446F-A6CD-7AC19AB38748}
		{9EEDD880-5EA7-40E5-B065-DA72B19892F4} = {9EEDD880-5EA7-40E5-B065-DA72B19892F4}
	EndProjectSection
EndProject
Project("{8BC9CEB8-8B4A-11D0-8D11-00A0C91BC942}") = "method_algorithm", "method\algorithm\algorithm.vcproj", "{4EA82B91-2BCF-446F-A6CD-7AC19AB38748}"
	ProjectSection(ProjectDependencies) = postProject
		{E3E1B8AA-D06A-4999-923A-A4D7BB2AAD62} = {E3E1B8AA-D06A-4999-923A-A4D7BB2AAD62}
	EndProjectSection
EndProject
Project("{8BC9CEB8-8B4A-11D0-8D11-00A0C91BC942}") = "rp_method", "rp_method\rp_method.vcproj", "{E3E1B8AA-D06A-4999-923A-A4D7BB2AAD62}"
	ProjectSection(ProjectDependencies) = postProject
		{1C949A7B-8C06-4A86-A833-C1052DD93810} = {1C949A7B-8C06-4A86-A833-C1052DD93810}
		{6EA136E5-E2E9-45C3-AF41-93EB339894BE} = {6EA136E5-E2E9-45C3-AF41-93EB339894BE}
	EndProjectSection
EndProject
Project("{8BC9CEB8-8B4A-11D0-8D11-00A0C91BC942}") = "rp_misc", "rp_misc\rp_misc.vcproj", "{1C949A7B-8C06-4A86-A833-C1052DD93810}"
EndProject
Project("{8BC9CEB8-8B4A-11D0-8D11-00A0C91BC942}") = "method_proc2rdo", "method\proc2rdo\proc2rdo.vcproj", "{9EEDD880-5EA7-40E5-B065-DA72B19892F4}"
	ProjectSection(ProjectDependencies) = postProject
		{6EA136E5-E2E9-45C3-AF41-93EB339894BE} = {6EA136E5-E2E9-45C3-AF41-93EB339894BE}
		{E3E1B8AA-D06A-4999-923A-A4D7BB2AAD62} = {E3E1B8AA-D06A-4999-923A-A4D7BB2AAD62}
	EndProjectSection
EndProject
Project("{8BC9CEB8-8B4A-11D0-8D11-00A0C91BC942}") = "rp_ctrl", "rp_ctrl\rp_ctrl.vcproj", "{6EA136E5-E2E9-45C3-AF41-93EB339894BE}"
	ProjectSection(ProjectDependencies) = postProject
		{1C949A7B-8C06-4A86-A833-C1052DD93810} = {1C949A7B-8C06-4A86-A833-C1052DD93810}
	EndProjectSection
EndProject
Global
	GlobalSection(SolutionConfigurationPlatforms) = preSolution
		Debug|Win32 = Debug|Win32
		Release|Win32 = Release|Win32
	EndGlobalSection
	GlobalSection(ProjectConfigurationPlatforms) = postSolution
		{8EBF2ACC-34C0-4BF4-BE3A-22FE2E70CA9D}.Debug|Win32.ActiveCfg = Debug|Win32
		{8EBF2ACC-34C0-4BF4-BE3A-22FE2E70CA9D}.Debug|Win32.Build.0 = Debug|Win32
		{8EBF2ACC-34C0-4BF4-BE3A-22FE2E70CA9D}.Release|Win32.ActiveCfg = Release|Win32
		{8EBF2ACC-34C0-4BF4-BE3A-22FE2E70CA9D}.Release|Win32.Build.0 = Release|Win32
		{4EA82B91-2BCF-446F-A6CD-7AC19AB38748}.Debug|Win32.ActiveCfg = Debug|Win32
		{4EA82B91-2BCF-446F-A6CD-7AC19AB38748}.Debug|Win32.Build.0 = Debug|Win32
		{4EA82B91-2BCF-446F-A6CD-7AC19AB38748}.Release|Win32.ActiveCfg = Release|Win32
		{4EA82B91-2BCF-446F-A6CD-7AC19AB38748}.Release|Win32.Build.0 = Release|Win32
		{E3E1B8AA-D06A-4999-923A-A4D7BB2AAD62}.Debug|Win32.ActiveCfg = Debug|Win32
		{E3E1B8AA-D06A-4999-923A-A4D7BB2AAD62}.Debug|Win32.Build.0 = Debug|Win32
		{E3E1B8AA-D06A-4999-923A-A4D7BB2AAD62}.Release|Win32.ActiveCfg = Release|Win32
		{E3E1B8AA-D06A-4999-923A-A4D7BB2AAD62}.Release|Win32.Build.0 = Release|Win32
		{1C949A7B-8C06-4A86-A833-C1052DD93810}.Debug|Win32.ActiveCfg = Debug|Win32
		{1C949A7B-8C06-4A86-A833-C1052DD93810}.Debug|Win32.Build.0 = Debug|Win32
		{1C949A7B-8C06-4A86-A833-C1052DD93810}.Release|Win32.ActiveCfg = Release|Win32
		{1C949A7B-8C06-4A86-A833-C1052DD93810}.Release|Win32.Build.0 = Release|Win32
		{9EEDD880-5EA7-40E5-B065-DA72B19892F4}.Debug|Win32.ActiveCfg = Debug|Win32
		{9EEDD880-5EA7-40E5-B065-DA72B19892F4}.Debug|Win32.Build.0 = Debug|Win32
		{9EEDD880-5EA7-40E5-B065-DA72B19892F4}.Release|Win32.ActiveCfg = Release|Win32
		{9EEDD880-5EA7-40E5-B065-DA72B19892F4}.Release|Win32.Build.0 = Release|Win32
		{6EA136E5-E2E9-45C3-AF41-93EB339894BE}.Debug|Win32.ActiveCfg = Debug|Win32
		{6EA136E5-E2E9-45C3-AF41-93EB339894BE}.Debug|Win32.Build.0 = Debug|Win32
		{6EA136E5-E2E9-45C3-AF41-93EB339894BE}.Release|Win32.ActiveCfg = Release|Win32
		{6EA136E5-E2E9-45C3-AF41-93EB339894BE}.Release|Win32.Build.0 = Release|Win32
	EndGlobalSection
	GlobalSection(SolutionProperties) = preSolution
		HideSolutionNode = FALSE
	EndGlobalSection
EndGlobal
